
Microsoft Visual Studio Solution File, Format Version 12.00
# Visual Studio 15
VisualStudioVersion = 15.0.28307.902
MinimumVisualStudioVersion = 10.0.40219.1
Project("{FAE04EC0-301F-11D3-BF4B-00C04F79EFBC}") = "App2_Tarefa.Android", "App2_Tarefa\App2_Tarefa.Android\App2_Tarefa.Android.csproj", "{CD6417AE-081B-465B-8F56-AA4A18E5430F}"
EndProject
Project("{FAE04EC0-301F-11D3-BF4B-00C04F79EFBC}") = "App2_Tarefa.iOS", "App2_Tarefa\App2_Tarefa.iOS\App2_Tarefa.iOS.csproj", "{9A90A563-C796-4A62-B56E-4FEAC5CDBCB4}"
EndProject
Project("{FAE04EC0-301F-11D3-BF4B-00C04F79EFBC}") = "App2_Tarefa.UWP", "App2_Tarefa\App2_Tarefa.UWP\App2_Tarefa.UWP.csproj", "{13719DF3-82EE-4A11-A29E-E76114A00D67}"
EndProject
Project("{FAE04EC0-301F-11D3-BF4B-00C04F79EFBC}") = "App2_Tarefa", "App2_Tarefa\App2_Tarefa\App2_Tarefa.csproj", "{E91936DE-F0AE-4D15-92D7-5B17599F7897}"
EndProject
Global
	GlobalSection(SolutionConfigurationPlatforms) = preSolution
		Ad-Hoc|Any CPU = Ad-Hoc|Any CPU
		Ad-Hoc|ARM = Ad-Hoc|ARM
		Ad-Hoc|iPhone = Ad-Hoc|iPhone
		Ad-Hoc|iPhoneSimulator = Ad-Hoc|iPhoneSimulator
		Ad-Hoc|x64 = Ad-Hoc|x64
		Ad-Hoc|x86 = Ad-Hoc|x86
		AppStore|Any CPU = AppStore|Any CPU
		AppStore|ARM = AppStore|ARM
		AppStore|iPhone = AppStore|iPhone
		AppStore|iPhoneSimulator = AppStore|iPhoneSimulator
		AppStore|x64 = AppStore|x64
		AppStore|x86 = AppStore|x86
		Debug|Any CPU = Debug|Any CPU
		Debug|ARM = Debug|ARM
		Debug|iPhone = Debug|iPhone
		Debug|iPhoneSimulator = Debug|iPhoneSimulator
		Debug|x64 = Debug|x64
		Debug|x86 = Debug|x86
		Release|Any CPU = Release|Any CPU
		Release|ARM = Release|ARM
		Release|iPhone = Release|iPhone
		Release|iPhoneSimulator = Release|iPhoneSimulator
		Release|x64 = Release|x64
		Release|x86 = Release|x86
	EndGlobalSection
	GlobalSection(ProjectConfigurationPlatforms) = postSolution
		{CD6417AE-081B-465B-8F56-AA4A18E5430F}.Ad-Hoc|Any CPU.ActiveCfg = Release|Any CPU
		{CD6417AE-081B-465B-8F56-AA4A18E5430F}.Ad-Hoc|Any CPU.Build.0 = Release|Any CPU
		{CD6417AE-081B-465B-8F56-AA4A18E5430F}.Ad-Hoc|Any CPU.Deploy.0 = Release|Any CPU
		{CD6417AE-081B-465B-8F56-AA4A18E5430F}.Ad-Hoc|ARM.ActiveCfg = Release|Any CPU
		{CD6417AE-081B-465B-8F56-AA4A18E5430F}.Ad-Hoc|ARM.Build.0 = Release|Any CPU
		{CD6417AE-081B-465B-8F56-AA4A18E5430F}.Ad-Hoc|ARM.Deploy.0 = Release|Any CPU
		{CD6417AE-081B-465B-8F56-AA4A18E5430F}.Ad-Hoc|iPhone.ActiveCfg = Release|Any CPU
		{CD6417AE-081B-465B-8F56-AA4A18E5430F}.Ad-Hoc|iPhone.Build.0 = Release|Any CPU
		{CD6417AE-081B-465B-8F56-AA4A18E5430F}.Ad-Hoc|iPhone.Deploy.0 = Release|Any CPU
		{CD6417AE-081B-465B-8F56-AA4A18E5430F}.Ad-Hoc|iPhoneSimulator.ActiveCfg = Release|Any CPU
		{CD6417AE-081B-465B-8F56-AA4A18E5430F}.Ad-Hoc|iPhoneSimulator.Build.0 = Release|Any CPU
		{CD6417AE-081B-465B-8F56-AA4A18E5430F}.Ad-Hoc|iPhoneSimulator.Deploy.0 = Release|Any CPU
		{CD6417AE-081B-465B-8F56-AA4A18E5430F}.Ad-Hoc|x64.ActiveCfg = Release|Any CPU
		{CD6417AE-081B-465B-8F56-AA4A18E5430F}.Ad-Hoc|x64.Build.0 = Release|Any CPU
		{CD6417AE-081B-465B-8F56-AA4A18E5430F}.Ad-Hoc|x64.Deploy.0 = Release|Any CPU
		{CD6417AE-081B-465B-8F56-AA4A18E5430F}.Ad-Hoc|x86.ActiveCfg = Release|Any CPU
		{CD6417AE-081B-465B-8F56-AA4A18E5430F}.Ad-Hoc|x86.Build.0 = Release|Any CPU
		{CD6417AE-081B-465B-8F56-AA4A18E5430F}.Ad-Hoc|x86.Deploy.0 = Release|Any CPU
		{CD6417AE-081B-465B-8F56-AA4A18E5430F}.AppStore|Any CPU.ActiveCfg = Release|Any CPU
		{CD6417AE-081B-465B-8F56-AA4A18E5430F}.AppStore|Any CPU.Build.0 = Release|Any CPU
		{CD6417AE-081B-465B-8F56-AA4A18E5430F}.AppStore|Any CPU.Deploy.0 = Release|Any CPU
		{CD6417AE-081B-465B-8F56-AA4A18E5430F}.AppStore|ARM.ActiveCfg = Release|Any CPU
		{CD6417AE-081B-465B-8F56-AA4A18E5430F}.AppStore|ARM.Build.0 = Release|Any CPU
		{CD6417AE-081B-465B-8F56-AA4A18E5430F}.AppStore|ARM.Deploy.0 = Release|Any CPU
		{CD6417AE-081B-465B-8F56-AA4A18E5430F}.AppStore|iPhone.ActiveCfg = Release|Any CPU
		{CD6417AE-081B-465B-8F56-AA4A18E5430F}.AppStore|iPhone.Build.0 = Release|Any CPU
		{CD6417AE-081B-465B-8F56-AA4A18E5430F}.AppStore|iPhone.Deploy.0 = Release|Any CPU
		{CD6417AE-081B-465B-8F56-AA4A18E5430F}.AppStore|iPhoneSimulator.ActiveCfg = Release|Any CPU
		{CD6417AE-081B-465B-8F56-AA4A18E5430F}.AppStore|iPhoneSimulator.Build.0 = Release|Any CPU
		{CD6417AE-081B-465B-8F56-AA4A18E5430F}.AppStore|iPhoneSimulator.Deploy.0 = Release|Any CPU
		{CD6417AE-081B-465B-8F56-AA4A18E5430F}.AppStore|x64.ActiveCfg = Release|Any CPU
		{CD6417AE-081B-465B-8F56-AA4A18E5430F}.AppStore|x64.Build.0 = Release|Any CPU
		{CD6417AE-081B-465B-8F56-AA4A18E5430F}.AppStore|x64.Deploy.0 = Release|Any CPU
		{CD6417AE-081B-465B-8F56-AA4A18E5430F}.AppStore|x86.ActiveCfg = Release|Any CPU
		{CD6417AE-081B-465B-8F56-AA4A18E5430F}.AppStore|x86.Build.0 = Release|Any CPU
		{CD6417AE-081B-465B-8F56-AA4A18E5430F}.AppStore|x86.Deploy.0 = Release|Any CPU
		{CD6417AE-081B-465B-8F56-AA4A18E5430F}.Debug|Any CPU.ActiveCfg = Debug|Any CPU
		{CD6417AE-081B-465B-8F56-AA4A18E5430F}.Debug|Any CPU.Build.0 = Debug|Any CPU
		{CD6417AE-081B-465B-8F56-AA4A18E5430F}.Debug|Any CPU.Deploy.0 = Debug|Any CPU
		{CD6417AE-081B-465B-8F56-AA4A18E5430F}.Debug|ARM.ActiveCfg = Debug|Any CPU
		{CD6417AE-081B-465B-8F56-AA4A18E5430F}.Debug|ARM.Build.0 = Debug|Any CPU
		{CD6417AE-081B-465B-8F56-AA4A18E5430F}.Debug|ARM.Deploy.0 = Debug|Any CPU
		{CD6417AE-081B-465B-8F56-AA4A18E5430F}.Debug|iPhone.ActiveCfg = Debug|Any CPU
		{CD6417AE-081B-465B-8F56-AA4A18E5430F}.Debug|iPhone.Build.0 = Debug|Any CPU
		{CD6417AE-081B-465B-8F56-AA4A18E5430F}.Debug|iPhone.Deploy.0 = Debug|Any CPU
		{CD6417AE-081B-465B-8F56-AA4A18E5430F}.Debug|iPhoneSimulator.ActiveCfg = Debug|Any CPU
		{CD6417AE-081B-465B-8F56-AA4A18E5430F}.Debug|iPhoneSimulator.Build.0 = Debug|Any CPU
		{CD6417AE-081B-465B-8F56-AA4A18E5430F}.Debug|iPhoneSimulator.Deploy.0 = Debug|Any CPU
		{CD6417AE-081B-465B-8F56-AA4A18E5430F}.Debug|x64.ActiveCfg = Debug|Any CPU
		{CD6417AE-081B-465B-8F56-AA4A18E5430F}.Debug|x64.Build.0 = Debug|Any CPU
		{CD6417AE-081B-465B-8F56-AA4A18E5430F}.Debug|x64.Deploy.0 = Debug|Any CPU
		{CD6417AE-081B-465B-8F56-AA4A18E5430F}.Debug|x86.ActiveCfg = Debug|Any CPU
		{CD6417AE-081B-465B-8F56-AA4A18E5430F}.Debug|x86.Build.0 = Debug|Any CPU
		{CD6417AE-081B-465B-8F56-AA4A18E5430F}.Debug|x86.Deploy.0 = Debug|Any CPU
		{CD6417AE-081B-465B-8F56-AA4A18E5430F}.Release|Any CPU.ActiveCfg = Release|Any CPU
		{CD6417AE-081B-465B-8F56-AA4A18E5430F}.Release|Any CPU.Build.0 = Release|Any CPU
		{CD6417AE-081B-465B-8F56-AA4A18E5430F}.Release|Any CPU.Deploy.0 = Release|Any CPU
		{CD6417AE-081B-465B-8F56-AA4A18E5430F}.Release|ARM.ActiveCfg = Release|Any CPU
		{CD6417AE-081B-465B-8F56-AA4A18E5430F}.Release|ARM.Build.0 = Release|Any CPU
		{CD6417AE-081B-465B-8F56-AA4A18E5430F}.Release|ARM.Deploy.0 = Release|Any CPU
		{CD6417AE-081B-465B-8F56-AA4A18E5430F}.Release|iPhone.ActiveCfg = Release|Any CPU
		{CD6417AE-081B-465B-8F56-AA4A18E5430F}.Release|iPhone.Build.0 = Release|Any CPU
		{CD6417AE-081B-465B-8F56-AA4A18E5430F}.Release|iPhone.Deploy.0 = Release|Any CPU
		{CD6417AE-081B-465B-8F56-AA4A18E5430F}.Release|iPhoneSimulator.ActiveCfg = Release|Any CPU
		{CD6417AE-081B-465B-8F56-AA4A18E5430F}.Release|iPhoneSimulator.Build.0 = Release|Any CPU
		{CD6417AE-081B-465B-8F56-AA4A18E5430F}.Release|iPhoneSimulator.Deploy.0 = Release|Any CPU
		{CD6417AE-081B-465B-8F56-AA4A18E5430F}.Release|x64.ActiveCfg = Release|Any CPU
		{CD6417AE-081B-465B-8F56-AA4A18E5430F}.Release|x64.Build.0 = Release|Any CPU
		{CD6417AE-081B-465B-8F56-AA4A18E5430F}.Release|x64.Deploy.0 = Release|Any CPU
		{CD6417AE-081B-465B-8F56-AA4A18E5430F}.Release|x86.ActiveCfg = Release|Any CPU
		{CD6417AE-081B-465B-8F56-AA4A18E5430F}.Release|x86.Build.0 = Release|Any CPU
		{CD6417AE-081B-465B-8F56-AA4A18E5430F}.Release|x86.Deploy.0 = Release|Any CPU
		{9A90A563-C796-4A62-B56E-4FEAC5CDBCB4}.Ad-Hoc|Any CPU.ActiveCfg = Ad-Hoc|iPhone
		{9A90A563-C796-4A62-B56E-4FEAC5CDBCB4}.Ad-Hoc|Any CPU.Build.0 = Ad-Hoc|iPhone
		{9A90A563-C796-4A62-B56E-4FEAC5CDBCB4}.Ad-Hoc|Any CPU.Deploy.0 = Ad-Hoc|iPhone
		{9A90A563-C796-4A62-B56E-4FEAC5CDBCB4}.Ad-Hoc|ARM.ActiveCfg = Ad-Hoc|iPhone
		{9A90A563-C796-4A62-B56E-4FEAC5CDBCB4}.Ad-Hoc|ARM.Build.0 = Ad-Hoc|iPhone
		{9A90A563-C796-4A62-B56E-4FEAC5CDBCB4}.Ad-Hoc|ARM.Deploy.0 = Ad-Hoc|iPhone
		{9A90A563-C796-4A62-B56E-4FEAC5CDBCB4}.Ad-Hoc|iPhone.ActiveCfg = Ad-Hoc|iPhone
		{9A90A563-C796-4A62-B56E-4FEAC5CDBCB4}.Ad-Hoc|iPhone.Build.0 = Ad-Hoc|iPhone
		{9A90A563-C796-4A62-B56E-4FEAC5CDBCB4}.Ad-Hoc|iPhone.Deploy.0 = Ad-Hoc|iPhone
		{9A90A563-C796-4A62-B56E-4FEAC5CDBCB4}.Ad-Hoc|iPhoneSimulator.ActiveCfg = Ad-Hoc|iPhoneSimulator
		{9A90A563-C796-4A62-B56E-4FEAC5CDBCB4}.Ad-Hoc|iPhoneSimulator.Build.0 = Ad-Hoc|iPhoneSimulator
		{9A90A563-C796-4A62-B56E-4FEAC5CDBCB4}.Ad-Hoc|iPhoneSimulator.Deploy.0 = Ad-Hoc|iPhoneSimulator
		{9A90A563-C796-4A62-B56E-4FEAC5CDBCB4}.Ad-Hoc|x64.ActiveCfg = Ad-Hoc|iPhone
		{9A90A563-C796-4A62-B56E-4FEAC5CDBCB4}.Ad-Hoc|x64.Build.0 = Ad-Hoc|iPhone
		{9A90A563-C796-4A62-B56E-4FEAC5CDBCB4}.Ad-Hoc|x64.Deploy.0 = Ad-Hoc|iPhone
		{9A90A563-C796-4A62-B56E-4FEAC5CDBCB4}.Ad-Hoc|x86.ActiveCfg = Ad-Hoc|iPhone
		{9A90A563-C796-4A62-B56E-4FEAC5CDBCB4}.Ad-Hoc|x86.Build.0 = Ad-Hoc|iPhone
		{9A90A563-C796-4A62-B56E-4FEAC5CDBCB4}.Ad-Hoc|x86.Deploy.0 = Ad-Hoc|iPhone
		{9A90A563-C796-4A62-B56E-4FEAC5CDBCB4}.AppStore|Any CPU.ActiveCfg = AppStore|iPhone
		{9A90A563-C796-4A62-B56E-4FEAC5CDBCB4}.AppStore|Any CPU.Build.0 = AppStore|iPhone
		{9A90A563-C796-4A62-B56E-4FEAC5CDBCB4}.AppStore|Any CPU.Deploy.0 = AppStore|iPhone
		{9A90A563-C796-4A62-B56E-4FEAC5CDBCB4}.AppStore|ARM.ActiveCfg = AppStore|iPhone
		{9A90A563-C796-4A62-B56E-4FEAC5CDBCB4}.AppStore|ARM.Build.0 = AppStore|iPhone
		{9A90A563-C796-4A62-B56E-4FEAC5CDBCB4}.AppStore|ARM.Deploy.0 = AppStore|iPhone
		{9A90A563-C796-4A62-B56E-4FEAC5CDBCB4}.AppStore|iPhone.ActiveCfg = AppStore|iPhone
		{9A90A563-C796-4A62-B56E-4FEAC5CDBCB4}.AppStore|iPhone.Build.0 = AppStore|iPhone
		{9A90A563-C796-4A62-B56E-4FEAC5CDBCB4}.AppStore|iPhone.Deploy.0 = AppStore|iPhone
		{9A90A563-C796-4A62-B56E-4FEAC5CDBCB4}.AppStore|iPhoneSimulator.ActiveCfg = AppStore|iPhoneSimulator
		{9A90A563-C796-4A62-B56E-4FEAC5CDBCB4}.AppStore|iPhoneSimulator.Build.0 = AppStore|iPhoneSimulator
		{9A90A563-C796-4A62-B56E-4FEAC5CDBCB4}.AppStore|iPhoneSimulator.Deploy.0 = AppStore|iPhoneSimulator
		{9A90A563-C796-4A62-B56E-4FEAC5CDBCB4}.AppStore|x64.ActiveCfg = AppStore|iPhone
		{9A90A563-C796-4A62-B56E-4FEAC5CDBCB4}.AppStore|x64.Build.0 = AppStore|iPhone
		{9A90A563-C796-4A62-B56E-4FEAC5CDBCB4}.AppStore|x64.Deploy.0 = AppStore|iPhone
		{9A90A563-C796-4A62-B56E-4FEAC5CDBCB4}.AppStore|x86.ActiveCfg = AppStore|iPhone
		{9A90A563-C796-4A62-B56E-4FEAC5CDBCB4}.AppStore|x86.Build.0 = AppStore|iPhone
		{9A90A563-C796-4A62-B56E-4FEAC5CDBCB4}.AppStore|x86.Deploy.0 = AppStore|iPhone
		{9A90A563-C796-4A62-B56E-4FEAC5CDBCB4}.Debug|Any CPU.ActiveCfg = Debug|iPhoneSimulator
		{9A90A563-C796-4A62-B56E-4FEAC5CDBCB4}.Debug|Any CPU.Build.0 = Debug|iPhoneSimulator
		{9A90A563-C796-4A62-B56E-4FEAC5CDBCB4}.Debug|Any CPU.Deploy.0 = Debug|iPhoneSimulator
		{9A90A563-C796-4A62-B56E-4FEAC5CDBCB4}.Debug|ARM.ActiveCfg = Debug|iPhone
		{9A90A563-C796-4A62-B56E-4FEAC5CDBCB4}.Debug|ARM.Build.0 = Debug|iPhone
		{9A90A563-C796-4A62-B56E-4FEAC5CDBCB4}.Debug|ARM.Deploy.0 = Debug|iPhone
		{9A90A563-C796-4A62-B56E-4FEAC5CDBCB4}.Debug|iPhone.ActiveCfg = Debug|iPhone
		{9A90A563-C796-4A62-B56E-4FEAC5CDBCB4}.Debug|iPhone.Build.0 = Debug|iPhone
		{9A90A563-C796-4A62-B56E-4FEAC5CDBCB4}.Debug|iPhone.Deploy.0 = Debug|iPhone
		{9A90A563-C796-4A62-B56E-4FEAC5CDBCB4}.Debug|iPhoneSimulator.ActiveCfg = Debug|iPhoneSimulator
		{9A90A563-C796-4A62-B56E-4FEAC5CDBCB4}.Debug|iPhoneSimulator.Build.0 = Debug|iPhoneSimulator
		{9A90A563-C796-4A62-B56E-4FEAC5CDBCB4}.Debug|iPhoneSimulator.Deploy.0 = Debug|iPhoneSimulator
		{9A90A563-C796-4A62-B56E-4FEAC5CDBCB4}.Debug|x64.ActiveCfg = Debug|iPhone
		{9A90A563-C796-4A62-B56E-4FEAC5CDBCB4}.Debug|x64.Build.0 = Debug|iPhone
		{9A90A563-C796-4A62-B56E-4FEAC5CDBCB4}.Debug|x64.Deploy.0 = Debug|iPhone
		{9A90A563-C796-4A62-B56E-4FEAC5CDBCB4}.Debug|x86.ActiveCfg = Debug|iPhone
		{9A90A563-C796-4A62-B56E-4FEAC5CDBCB4}.Debug|x86.Build.0 = Debug|iPhone
		{9A90A563-C796-4A62-B56E-4FEAC5CDBCB4}.Debug|x86.Deploy.0 = Debug|iPhone
		{9A90A563-C796-4A62-B56E-4FEAC5CDBCB4}.Release|Any CPU.ActiveCfg = Release|iPhone
		{9A90A563-C796-4A62-B56E-4FEAC5CDBCB4}.Release|Any CPU.Build.0 = Release|iPhone
		{9A90A563-C796-4A62-B56E-4FEAC5CDBCB4}.Release|Any CPU.Deploy.0 = Release|iPhone
		{9A90A563-C796-4A62-B56E-4FEAC5CDBCB4}.Release|ARM.ActiveCfg = Release|iPhone
		{9A90A563-C796-4A62-B56E-4FEAC5CDBCB4}.Release|ARM.Build.0 = Release|iPhone
		{9A90A563-C796-4A62-B56E-4FEAC5CDBCB4}.Release|ARM.Deploy.0 = Release|iPhone
		{9A90A563-C796-4A62-B56E-4FEAC5CDBCB4}.Release|iPhone.ActiveCfg = Release|iPhone
		{9A90A563-C796-4A62-B56E-4FEAC5CDBCB4}.Release|iPhone.Build.0 = Release|iPhone
		{9A90A563-C796-4A62-B56E-4FEAC5CDBCB4}.Release|iPhone.Deploy.0 = Release|iPhone
		{9A90A563-C796-4A62-B56E-4FEAC5CDBCB4}.Release|iPhoneSimulator.ActiveCfg = Release|iPhoneSimulator
		{9A90A563-C796-4A62-B56E-4FEAC5CDBCB4}.Release|iPhoneSimulator.Build.0 = Release|iPhoneSimulator
		{9A90A563-C796-4A62-B56E-4FEAC5CDBCB4}.Release|iPhoneSimulator.Deploy.0 = Release|iPhoneSimulator
		{9A90A563-C796-4A62-B56E-4FEAC5CDBCB4}.Release|x64.ActiveCfg = Release|iPhone
		{9A90A563-C796-4A62-B56E-4FEAC5CDBCB4}.Release|x64.Build.0 = Release|iPhone
		{9A90A563-C796-4A62-B56E-4FEAC5CDBCB4}.Release|x64.Deploy.0 = Release|iPhone
		{9A90A563-C796-4A62-B56E-4FEAC5CDBCB4}.Release|x86.ActiveCfg = Release|iPhone
		{9A90A563-C796-4A62-B56E-4FEAC5CDBCB4}.Release|x86.Build.0 = Release|iPhone
		{9A90A563-C796-4A62-B56E-4FEAC5CDBCB4}.Release|x86.Deploy.0 = Release|iPhone
		{13719DF3-82EE-4A11-A29E-E76114A00D67}.Ad-Hoc|Any CPU.ActiveCfg = Release|x86
		{13719DF3-82EE-4A11-A29E-E76114A00D67}.Ad-Hoc|Any CPU.Build.0 = Release|x86
		{13719DF3-82EE-4A11-A29E-E76114A00D67}.Ad-Hoc|Any CPU.Deploy.0 = Release|x86
		{13719DF3-82EE-4A11-A29E-E76114A00D67}.Ad-Hoc|ARM.ActiveCfg = Release|ARM
		{13719DF3-82EE-4A11-A29E-E76114A00D67}.Ad-Hoc|ARM.Build.0 = Release|ARM
		{13719DF3-82EE-4A11-A29E-E76114A00D67}.Ad-Hoc|ARM.Deploy.0 = Release|ARM
		{13719DF3-82EE-4A11-A29E-E76114A00D67}.Ad-Hoc|iPhone.ActiveCfg = Release|x86
		{13719DF3-82EE-4A11-A29E-E76114A00D67}.Ad-Hoc|iPhone.Build.0 = Release|x86
		{13719DF3-82EE-4A11-A29E-E76114A00D67}.Ad-Hoc|iPhone.Deploy.0 = Release|x86
		{13719DF3-82EE-4A11-A29E-E76114A00D67}.Ad-Hoc|iPhoneSimulator.ActiveCfg = Release|x86
		{13719DF3-82EE-4A11-A29E-E76114A00D67}.Ad-Hoc|iPhoneSimulator.Build.0 = Release|x86
		{13719DF3-82EE-4A11-A29E-E76114A00D67}.Ad-Hoc|iPhoneSimulator.Deploy.0 = Release|x86
		{13719DF3-82EE-4A11-A29E-E76114A00D67}.Ad-Hoc|x64.ActiveCfg = Release|x64
		{13719DF3-82EE-4A11-A29E-E76114A00D67}.Ad-Hoc|x64.Build.0 = Release|x64
		{13719DF3-82EE-4A11-A29E-E76114A00D67}.Ad-Hoc|x64.Deploy.0 = Release|x64
		{13719DF3-82EE-4A11-A29E-E76114A00D67}.Ad-Hoc|x86.ActiveCfg = Release|x86
		{13719DF3-82EE-4A11-A29E-E76114A00D67}.Ad-Hoc|x86.Build.0 = Release|x86
		{13719DF3-82EE-4A11-A29E-E76114A00D67}.Ad-Hoc|x86.Deploy.0 = Release|x86
		{13719DF3-82EE-4A11-A29E-E76114A00D67}.AppStore|Any CPU.ActiveCfg = Release|x86
		{13719DF3-82EE-4A11-A29E-E76114A00D67}.AppStore|Any CPU.Build.0 = Release|x86
		{13719DF3-82EE-4A11-A29E-E76114A00D67}.AppStore|Any CPU.Deploy.0 = Release|x86
		{13719DF3-82EE-4A11-A29E-E76114A00D67}.AppStore|ARM.ActiveCfg = Release|ARM
		{13719DF3-82EE-4A11-A29E-E76114A00D67}.AppStore|ARM.Build.0 = Release|ARM
		{13719DF3-82EE-4A11-A29E-E76114A00D67}.AppStore|ARM.Deploy.0 = Release|ARM
		{13719DF3-82EE-4A11-A29E-E76114A00D67}.AppStore|iPhone.ActiveCfg = Release|x86
		{13719DF3-82EE-4A11-A29E-E76114A00D67}.AppStore|iPhone.Build.0 = Release|x86
		{13719DF3-82EE-4A11-A29E-E76114A00D67}.AppStore|iPhone.Deploy.0 = Release|x86
		{13719DF3-82EE-4A11-A29E-E76114A00D67}.AppStore|iPhoneSimulator.ActiveCfg = Release|x86
		{13719DF3-82EE-4A11-A29E-E76114A00D67}.AppStore|iPhoneSimulator.Build.0 = Release|x86
		{13719DF3-82EE-4A11-A29E-E76114A00D67}.AppStore|iPhoneSimulator.Deploy.0 = Release|x86
		{13719DF3-82EE-4A11-A29E-E76114A00D67}.AppStore|x64.ActiveCfg = Release|x64
		{13719DF3-82EE-4A11-A29E-E76114A00D67}.AppStore|x64.Build.0 = Release|x64
		{13719DF3-82EE-4A11-A29E-E76114A00D67}.AppStore|x64.Deploy.0 = Release|x64
		{13719DF3-82EE-4A11-A29E-E76114A00D67}.AppStore|x86.ActiveCfg = Release|x86
		{13719DF3-82EE-4A11-A29E-E76114A00D67}.AppStore|x86.Build.0 = Release|x86
		{13719DF3-82EE-4A11-A29E-E76114A00D67}.AppStore|x86.Deploy.0 = Release|x86
		{13719DF3-82EE-4A11-A29E-E76114A00D67}.Debug|Any CPU.ActiveCfg = Debug|x86
		{13719DF3-82EE-4A11-A29E-E76114A00D67}.Debug|Any CPU.Build.0 = Debug|x86
		{13719DF3-82EE-4A11-A29E-E76114A00D67}.Debug|Any CPU.Deploy.0 = Debug|x86
		{13719DF3-82EE-4A11-A29E-E76114A00D67}.Debug|ARM.ActiveCfg = Debug|ARM
		{13719DF3-82EE-4A11-A29E-E76114A00D67}.Debug|ARM.Build.0 = Debug|ARM
		{13719DF3-82EE-4A11-A29E-E76114A00D67}.Debug|ARM.Deploy.0 = Debug|ARM
		{13719DF3-82EE-4A11-A29E-E76114A00D67}.Debug|iPhone.ActiveCfg = Debug|x86
		{13719DF3-82EE-4A11-A29E-E76114A00D67}.Debug|iPhone.Build.0 = Debug|x86
		{13719DF3-82EE-4A11-A29E-E76114A00D67}.Debug|iPhone.Deploy.0 = Debug|x86
		{13719DF3-82EE-4A11-A29E-E76114A00D67}.Debug|iPhoneSimulator.ActiveCfg = Debug|x86
		{13719DF3-82EE-4A11-A29E-E76114A00D67}.Debug|iPhoneSimulator.Build.0 = Debug|x86
		{13719DF3-82EE-4A11-A29E-E76114A00D67}.Debug|iPhoneSimulator.Deploy.0 = Debug|x86
		{13719DF3-82EE-4A11-A29E-E76114A00D67}.Debug|x64.ActiveCfg = Debug|x64
		{13719DF3-82EE-4A11-A29E-E76114A00D67}.Debug|x64.Build.0 = Debug|x64
		{13719DF3-82EE-4A11-A29E-E76114A00D67}.Debug|x64.Deploy.0 = Debug|x64
		{13719DF3-82EE-4A11-A29E-E76114A00D67}.Debug|x86.ActiveCfg = Debug|x86
		{13719DF3-82EE-4A11-A29E-E76114A00D67}.Debug|x86.Build.0 = Debug|x86
		{13719DF3-82EE-4A11-A29E-E76114A00D67}.Debug|x86.Deploy.0 = Debug|x86
		{13719DF3-82EE-4A11-A29E-E76114A00D67}.Release|Any CPU.ActiveCfg = Release|x86
		{13719DF3-82EE-4A11-A29E-E76114A00D67}.Release|Any CPU.Build.0 = Release|x86
		{13719DF3-82EE-4A11-A29E-E76114A00D67}.Release|Any CPU.Deploy.0 = Release|x86
		{13719DF3-82EE-4A11-A29E-E76114A00D67}.Release|ARM.ActiveCfg = Release|ARM
		{13719DF3-82EE-4A11-A29E-E76114A00D67}.Release|ARM.Build.0 = Release|ARM
		{13719DF3-82EE-4A11-A29E-E76114A00D67}.Release|ARM.Deploy.0 = Release|ARM
		{13719DF3-82EE-4A11-A29E-E76114A00D67}.Release|iPhone.ActiveCfg = Release|x86
		{13719DF3-82EE-4A11-A29E-E76114A00D67}.Release|iPhone.Build.0 = Release|x86
		{13719DF3-82EE-4A11-A29E-E76114A00D67}.Release|iPhone.Deploy.0 = Release|x86
		{13719DF3-82EE-4A11-A29E-E76114A00D67}.Release|iPhoneSimulator.ActiveCfg = Release|x86
		{13719DF3-82EE-4A11-A29E-E76114A00D67}.Release|iPhoneSimulator.Build.0 = Release|x86
		{13719DF3-82EE-4A11-A29E-E76114A00D67}.Release|iPhoneSimulator.Deploy.0 = Release|x86
		{13719DF3-82EE-4A11-A29E-E76114A00D67}.Release|x64.ActiveCfg = Release|x64
		{13719DF3-82EE-4A11-A29E-E76114A00D67}.Release|x64.Build.0 = Release|x64
		{13719DF3-82EE-4A11-A29E-E76114A00D67}.Release|x64.Deploy.0 = Release|x64
		{13719DF3-82EE-4A11-A29E-E76114A00D67}.Release|x86.ActiveCfg = Release|x86
		{13719DF3-82EE-4A11-A29E-E76114A00D67}.Release|x86.Build.0 = Release|x86
		{13719DF3-82EE-4A11-A29E-E76114A00D67}.Release|x86.Deploy.0 = Release|x86
		{E91936DE-F0AE-4D15-92D7-5B17599F7897}.Ad-Hoc|Any CPU.ActiveCfg = Debug|Any CPU
		{E91936DE-F0AE-4D15-92D7-5B17599F7897}.Ad-Hoc|Any CPU.Build.0 = Debug|Any CPU
		{E91936DE-F0AE-4D15-92D7-5B17599F7897}.Ad-Hoc|Any CPU.Deploy.0 = Debug|Any CPU
		{E91936DE-F0AE-4D15-92D7-5B17599F7897}.Ad-Hoc|ARM.ActiveCfg = Debug|Any CPU
		{E91936DE-F0AE-4D15-92D7-5B17599F7897}.Ad-Hoc|ARM.Build.0 = Debug|Any CPU
		{E91936DE-F0AE-4D15-92D7-5B17599F7897}.Ad-Hoc|ARM.Deploy.0 = Debug|Any CPU
		{E91936DE-F0AE-4D15-92D7-5B17599F7897}.Ad-Hoc|iPhone.ActiveCfg = Debug|Any CPU
		{E91936DE-F0AE-4D15-92D7-5B17599F7897}.Ad-Hoc|iPhone.Build.0 = Debug|Any CPU
		{E91936DE-F0AE-4D15-92D7-5B17599F7897}.Ad-Hoc|iPhone.Deploy.0 = Debug|Any CPU
		{E91936DE-F0AE-4D15-92D7-5B17599F7897}.Ad-Hoc|iPhoneSimulator.ActiveCfg = Debug|Any CPU
		{E91936DE-F0AE-4D15-92D7-5B17599F7897}.Ad-Hoc|iPhoneSimulator.Build.0 = Debug|Any CPU
		{E91936DE-F0AE-4D15-92D7-5B17599F7897}.Ad-Hoc|iPhoneSimulator.Deploy.0 = Debug|Any CPU
		{E91936DE-F0AE-4D15-92D7-5B17599F7897}.Ad-Hoc|x64.ActiveCfg = Debug|Any CPU
		{E91936DE-F0AE-4D15-92D7-5B17599F7897}.Ad-Hoc|x64.Build.0 = Debug|Any CPU
		{E91936DE-F0AE-4D15-92D7-5B17599F7897}.Ad-Hoc|x64.Deploy.0 = Debug|Any CPU
		{E91936DE-F0AE-4D15-92D7-5B17599F7897}.Ad-Hoc|x86.ActiveCfg = Debug|Any CPU
		{E91936DE-F0AE-4D15-92D7-5B17599F7897}.Ad-Hoc|x86.Build.0 = Debug|Any CPU
		{E91936DE-F0AE-4D15-92D7-5B17599F7897}.Ad-Hoc|x86.Deploy.0 = Debug|Any CPU
		{E91936DE-F0AE-4D15-92D7-5B17599F7897}.AppStore|Any CPU.ActiveCfg = Debug|Any CPU
		{E91936DE-F0AE-4D15-92D7-5B17599F7897}.AppStore|Any CPU.Build.0 = Debug|Any CPU
		{E91936DE-F0AE-4D15-92D7-5B17599F7897}.AppStore|Any CPU.Deploy.0 = Debug|Any CPU
		{E91936DE-F0AE-4D15-92D7-5B17599F7897}.AppStore|ARM.ActiveCfg = Debug|Any CPU
		{E91936DE-F0AE-4D15-92D7-5B17599F7897}.AppStore|ARM.Build.0 = Debug|Any CPU
		{E91936DE-F0AE-4D15-92D7-5B17599F7897}.AppStore|ARM.Deploy.0 = Debug|Any CPU
		{E91936DE-F0AE-4D15-92D7-5B17599F7897}.AppStore|iPhone.ActiveCfg = Debug|Any CPU
		{E91936DE-F0AE-4D15-92D7-5B17599F7897}.AppStore|iPhone.Build.0 = Debug|Any CPU
		{E91936DE-F0AE-4D15-92D7-5B17599F7897}.AppStore|iPhone.Deploy.0 = Debug|Any CPU
		{E91936DE-F0AE-4D15-92D7-5B17599F7897}.AppStore|iPhoneSimulator.ActiveCfg = Debug|Any CPU
		{E91936DE-F0AE-4D15-92D7-5B17599F7897}.AppStore|iPhoneSimulator.Build.0 = Debug|Any CPU
		{E91936DE-F0AE-4D15-92D7-5B17599F7897}.AppStore|iPhoneSimulator.Deploy.0 = Debug|Any CPU
		{E91936DE-F0AE-4D15-92D7-5B17599F7897}.AppStore|x64.ActiveCfg = Debug|Any CPU
		{E91936DE-F0AE-4D15-92D7-5B17599F7897}.AppStore|x64.Build.0 = Debug|Any CPU
		{E91936DE-F0AE-4D15-92D7-5B17599F7897}.AppStore|x64.Deploy.0 = Debug|Any CPU
		{E91936DE-F0AE-4D15-92D7-5B17599F7897}.AppStore|x86.ActiveCfg = Debug|Any CPU
		{E91936DE-F0AE-4D15-92D7-5B17599F7897}.AppStore|x86.Build.0 = Debug|Any CPU
		{E91936DE-F0AE-4D15-92D7-5B17599F7897}.AppStore|x86.Deploy.0 = Debug|Any CPU
		{E91936DE-F0AE-4D15-92D7-5B17599F7897}.Debug|Any CPU.ActiveCfg = Debug|Any CPU
		{E91936DE-F0AE-4D15-92D7-5B17599F7897}.Debug|Any CPU.Build.0 = Debug|Any CPU
		{E91936DE-F0AE-4D15-92D7-5B17599F7897}.Debug|Any CPU.Deploy.0 = Debug|Any CPU
		{E91936DE-F0AE-4D15-92D7-5B17599F7897}.Debug|ARM.ActiveCfg = Debug|Any CPU
		{E91936DE-F0AE-4D15-92D7-5B17599F7897}.Debug|ARM.Build.0 = Debug|Any CPU
		{E91936DE-F0AE-4D15-92D7-5B17599F7897}.Debug|ARM.Deploy.0 = Debug|Any CPU
		{E91936DE-F0AE-4D15-92D7-5B17599F7897}.Debug|iPhone.ActiveCfg = Debug|Any CPU
		{E91936DE-F0AE-4D15-92D7-5B17599F7897}.Debug|iPhone.Build.0 = Debug|Any CPU
		{E91936DE-F0AE-4D15-92D7-5B17599F7897}.Debug|iPhone.Deploy.0 = Debug|Any CPU
		{E91936DE-F0AE-4D15-92D7-5B17599F7897}.Debug|iPhoneSimulator.ActiveCfg = Debug|Any CPU
		{E91936DE-F0AE-4D15-92D7-5B17599F7897}.Debug|iPhoneSimulator.Build.0 = Debug|Any CPU
		{E91936DE-F0AE-4D15-92D7-5B17599F7897}.Debug|iPhoneSimulator.Deploy.0 = Debug|Any CPU
		{E91936DE-F0AE-4D15-92D7-5B17599F7897}.Debug|x64.ActiveCfg = Debug|Any CPU
		{E91936DE-F0AE-4D15-92D7-5B17599F7897}.Debug|x64.Build.0 = Debug|Any CPU
		{E91936DE-F0AE-4D15-92D7-5B17599F7897}.Debug|x64.Deploy.0 = Debug|Any CPU
		{E91936DE-F0AE-4D15-92D7-5B17599F7897}.Debug|x86.ActiveCfg = Debug|Any CPU
		{E91936DE-F0AE-4D15-92D7-5B17599F7897}.Debug|x86.Build.0 = Debug|Any CPU
		{E91936DE-F0AE-4D15-92D7-5B17599F7897}.Debug|x86.Deploy.0 = Debug|Any CPU
		{E91936DE-F0AE-4D15-92D7-5B17599F7897}.Release|Any CPU.ActiveCfg = Release|Any CPU
		{E91936DE-F0AE-4D15-92D7-5B17599F7897}.Release|Any CPU.Build.0 = Release|Any CPU
		{E91936DE-F0AE-4D15-92D7-5B17599F7897}.Release|Any CPU.Deploy.0 = Release|Any CPU
		{E91936DE-F0AE-4D15-92D7-5B17599F7897}.Release|ARM.ActiveCfg = Release|Any CPU
		{E91936DE-F0AE-4D15-92D7-5B17599F7897}.Release|ARM.Build.0 = Release|Any CPU
		{E91936DE-F0AE-4D15-92D7-5B17599F7897}.Release|ARM.Deploy.0 = Release|Any CPU
		{E91936DE-F0AE-4D15-92D7-5B17599F7897}.Release|iPhone.ActiveCfg = Release|Any CPU
		{E91936DE-F0AE-4D15-92D7-5B17599F7897}.Release|iPhone.Build.0 = Release|Any CPU
		{E91936DE-F0AE-4D15-92D7-5B17599F7897}.Release|iPhone.Deploy.0 = Release|Any CPU
		{E91936DE-F0AE-4D15-92D7-5B17599F7897}.Release|iPhoneSimulator.ActiveCfg = Release|Any CPU
		{E91936DE-F0AE-4D15-92D7-5B17599F7897}.Release|iPhoneSimulator.Build.0 = Release|Any CPU
		{E91936DE-F0AE-4D15-92D7-5B17599F7897}.Release|iPhoneSimulator.Deploy.0 = Release|Any CPU
		{E91936DE-F0AE-4D15-92D7-5B17599F7897}.Release|x64.ActiveCfg = Release|Any CPU
		{E91936DE-F0AE-4D15-92D7-5B17599F7897}.Release|x64.Build.0 = Release|Any CPU
		{E91936DE-F0AE-4D15-92D7-5B17599F7897}.Release|x64.Deploy.0 = Release|Any CPU
		{E91936DE-F0AE-4D15-92D7-5B17599F7897}.Release|x86.ActiveCfg = Release|Any CPU
		{E91936DE-F0AE-4D15-92D7-5B17599F7897}.Release|x86.Build.0 = Release|Any CPU
		{E91936DE-F0AE-4D15-92D7-5B17599F7897}.Release|x86.Deploy.0 = Release|Any CPU
	EndGlobalSection
	GlobalSection(SolutionProperties) = preSolution
		HideSolutionNode = FALSE
	EndGlobalSection
	GlobalSection(ExtensibilityGlobals) = postSolution
		SolutionGuid = {8BB14E9E-691E-4097-980F-507783360BCA}
	EndGlobalSection
EndGlobal
