
Microsoft Visual Studio Solution File, Format Version 12.00
# Visual Studio 15
VisualStudioVersion = 15.0.28307.902
MinimumVisualStudioVersion = 10.0.40219.1
Project("{FAE04EC0-301F-11D3-BF4B-00C04F79EFBC}") = "App1_Vagas.Android", "App1_Vagas\App1_Vagas.Android\App1_Vagas.Android.csproj", "{906F9ECE-866C-4B9C-88C0-485D5F78C448}"
EndProject
Project("{FAE04EC0-301F-11D3-BF4B-00C04F79EFBC}") = "App1_Vagas.iOS", "App1_Vagas\App1_Vagas.iOS\App1_Vagas.iOS.csproj", "{BBF3455B-58A7-46C6-AB16-EEA207C7A17B}"
EndProject
Project("{FAE04EC0-301F-11D3-BF4B-00C04F79EFBC}") = "App1_Vagas.UWP", "App1_Vagas\App1_Vagas.UWP\App1_Vagas.UWP.csproj", "{C711D6CC-3D60-42A3-B125-13DCC0D83127}"
EndProject
Project("{FAE04EC0-301F-11D3-BF4B-00C04F79EFBC}") = "App1_Vagas", "App1_Vagas\App1_Vagas\App1_Vagas.csproj", "{6C56ADB7-280F-4CF2-841F-8E07831144CB}"
EndProject
Global
	GlobalSection(SolutionConfigurationPlatforms) = preSolution
		Ad-Hoc|Any CPU = Ad-Hoc|Any CPU
		Ad-Hoc|ARM = Ad-Hoc|ARM
		Ad-Hoc|iPhone = Ad-Hoc|iPhone
		Ad-Hoc|iPhoneSimulator = Ad-Hoc|iPhoneSimulator
		Ad-Hoc|x64 = Ad-Hoc|x64
		Ad-Hoc|x86 = Ad-Hoc|x86
		AppStore|Any CPU = AppStore|Any CPU
		AppStore|ARM = AppStore|ARM
		AppStore|iPhone = AppStore|iPhone
		AppStore|iPhoneSimulator = AppStore|iPhoneSimulator
		AppStore|x64 = AppStore|x64
		AppStore|x86 = AppStore|x86
		Debug|Any CPU = Debug|Any CPU
		Debug|ARM = Debug|ARM
		Debug|iPhone = Debug|iPhone
		Debug|iPhoneSimulator = Debug|iPhoneSimulator
		Debug|x64 = Debug|x64
		Debug|x86 = Debug|x86
		Release|Any CPU = Release|Any CPU
		Release|ARM = Release|ARM
		Release|iPhone = Release|iPhone
		Release|iPhoneSimulator = Release|iPhoneSimulator
		Release|x64 = Release|x64
		Release|x86 = Release|x86
	EndGlobalSection
	GlobalSection(ProjectConfigurationPlatforms) = postSolution
		{906F9ECE-866C-4B9C-88C0-485D5F78C448}.Ad-Hoc|Any CPU.ActiveCfg = Release|Any CPU
		{906F9ECE-866C-4B9C-88C0-485D5F78C448}.Ad-Hoc|Any CPU.Build.0 = Release|Any CPU
		{906F9ECE-866C-4B9C-88C0-485D5F78C448}.Ad-Hoc|Any CPU.Deploy.0 = Release|Any CPU
		{906F9ECE-866C-4B9C-88C0-485D5F78C448}.Ad-Hoc|ARM.ActiveCfg = Release|Any CPU
		{906F9ECE-866C-4B9C-88C0-485D5F78C448}.Ad-Hoc|ARM.Build.0 = Release|Any CPU
		{906F9ECE-866C-4B9C-88C0-485D5F78C448}.Ad-Hoc|ARM.Deploy.0 = Release|Any CPU
		{906F9ECE-866C-4B9C-88C0-485D5F78C448}.Ad-Hoc|iPhone.ActiveCfg = Release|Any CPU
		{906F9ECE-866C-4B9C-88C0-485D5F78C448}.Ad-Hoc|iPhone.Build.0 = Release|Any CPU
		{906F9ECE-866C-4B9C-88C0-485D5F78C448}.Ad-Hoc|iPhone.Deploy.0 = Release|Any CPU
		{906F9ECE-866C-4B9C-88C0-485D5F78C448}.Ad-Hoc|iPhoneSimulator.ActiveCfg = Release|Any CPU
		{906F9ECE-866C-4B9C-88C0-485D5F78C448}.Ad-Hoc|iPhoneSimulator.Build.0 = Release|Any CPU
		{906F9ECE-866C-4B9C-88C0-485D5F78C448}.Ad-Hoc|iPhoneSimulator.Deploy.0 = Release|Any CPU
		{906F9ECE-866C-4B9C-88C0-485D5F78C448}.Ad-Hoc|x64.ActiveCfg = Release|Any CPU
		{906F9ECE-866C-4B9C-88C0-485D5F78C448}.Ad-Hoc|x64.Build.0 = Release|Any CPU
		{906F9ECE-866C-4B9C-88C0-485D5F78C448}.Ad-Hoc|x64.Deploy.0 = Release|Any CPU
		{906F9ECE-866C-4B9C-88C0-485D5F78C448}.Ad-Hoc|x86.ActiveCfg = Release|Any CPU
		{906F9ECE-866C-4B9C-88C0-485D5F78C448}.Ad-Hoc|x86.Build.0 = Release|Any CPU
		{906F9ECE-866C-4B9C-88C0-485D5F78C448}.Ad-Hoc|x86.Deploy.0 = Release|Any CPU
		{906F9ECE-866C-4B9C-88C0-485D5F78C448}.AppStore|Any CPU.ActiveCfg = Release|Any CPU
		{906F9ECE-866C-4B9C-88C0-485D5F78C448}.AppStore|Any CPU.Build.0 = Release|Any CPU
		{906F9ECE-866C-4B9C-88C0-485D5F78C448}.AppStore|Any CPU.Deploy.0 = Release|Any CPU
		{906F9ECE-866C-4B9C-88C0-485D5F78C448}.AppStore|ARM.ActiveCfg = Release|Any CPU
		{906F9ECE-866C-4B9C-88C0-485D5F78C448}.AppStore|ARM.Build.0 = Release|Any CPU
		{906F9ECE-866C-4B9C-88C0-485D5F78C448}.AppStore|ARM.Deploy.0 = Release|Any CPU
		{906F9ECE-866C-4B9C-88C0-485D5F78C448}.AppStore|iPhone.ActiveCfg = Release|Any CPU
		{906F9ECE-866C-4B9C-88C0-485D5F78C448}.AppStore|iPhone.Build.0 = Release|Any CPU
		{906F9ECE-866C-4B9C-88C0-485D5F78C448}.AppStore|iPhone.Deploy.0 = Release|Any CPU
		{906F9ECE-866C-4B9C-88C0-485D5F78C448}.AppStore|iPhoneSimulator.ActiveCfg = Release|Any CPU
		{906F9ECE-866C-4B9C-88C0-485D5F78C448}.AppStore|iPhoneSimulator.Build.0 = Release|Any CPU
		{906F9ECE-866C-4B9C-88C0-485D5F78C448}.AppStore|iPhoneSimulator.Deploy.0 = Release|Any CPU
		{906F9ECE-866C-4B9C-88C0-485D5F78C448}.AppStore|x64.ActiveCfg = Release|Any CPU
		{906F9ECE-866C-4B9C-88C0-485D5F78C448}.AppStore|x64.Build.0 = Release|Any CPU
		{906F9ECE-866C-4B9C-88C0-485D5F78C448}.AppStore|x64.Deploy.0 = Release|Any CPU
		{906F9ECE-866C-4B9C-88C0-485D5F78C448}.AppStore|x86.ActiveCfg = Release|Any CPU
		{906F9ECE-866C-4B9C-88C0-485D5F78C448}.AppStore|x86.Build.0 = Release|Any CPU
		{906F9ECE-866C-4B9C-88C0-485D5F78C448}.AppStore|x86.Deploy.0 = Release|Any CPU
		{906F9ECE-866C-4B9C-88C0-485D5F78C448}.Debug|Any CPU.ActiveCfg = Debug|Any CPU
		{906F9ECE-866C-4B9C-88C0-485D5F78C448}.Debug|Any CPU.Build.0 = Debug|Any CPU
		{906F9ECE-866C-4B9C-88C0-485D5F78C448}.Debug|Any CPU.Deploy.0 = Debug|Any CPU
		{906F9ECE-866C-4B9C-88C0-485D5F78C448}.Debug|ARM.ActiveCfg = Debug|Any CPU
		{906F9ECE-866C-4B9C-88C0-485D5F78C448}.Debug|ARM.Build.0 = Debug|Any CPU
		{906F9ECE-866C-4B9C-88C0-485D5F78C448}.Debug|ARM.Deploy.0 = Debug|Any CPU
		{906F9ECE-866C-4B9C-88C0-485D5F78C448}.Debug|iPhone.ActiveCfg = Debug|Any CPU
		{906F9ECE-866C-4B9C-88C0-485D5F78C448}.Debug|iPhone.Build.0 = Debug|Any CPU
		{906F9ECE-866C-4B9C-88C0-485D5F78C448}.Debug|iPhone.Deploy.0 = Debug|Any CPU
		{906F9ECE-866C-4B9C-88C0-485D5F78C448}.Debug|iPhoneSimulator.ActiveCfg = Debug|Any CPU
		{906F9ECE-866C-4B9C-88C0-485D5F78C448}.Debug|iPhoneSimulator.Build.0 = Debug|Any CPU
		{906F9ECE-866C-4B9C-88C0-485D5F78C448}.Debug|iPhoneSimulator.Deploy.0 = Debug|Any CPU
		{906F9ECE-866C-4B9C-88C0-485D5F78C448}.Debug|x64.ActiveCfg = Debug|Any CPU
		{906F9ECE-866C-4B9C-88C0-485D5F78C448}.Debug|x64.Build.0 = Debug|Any CPU
		{906F9ECE-866C-4B9C-88C0-485D5F78C448}.Debug|x64.Deploy.0 = Debug|Any CPU
		{906F9ECE-866C-4B9C-88C0-485D5F78C448}.Debug|x86.ActiveCfg = Debug|Any CPU
		{906F9ECE-866C-4B9C-88C0-485D5F78C448}.Debug|x86.Build.0 = Debug|Any CPU
		{906F9ECE-866C-4B9C-88C0-485D5F78C448}.Debug|x86.Deploy.0 = Debug|Any CPU
		{906F9ECE-866C-4B9C-88C0-485D5F78C448}.Release|Any CPU.ActiveCfg = Release|Any CPU
		{906F9ECE-866C-4B9C-88C0-485D5F78C448}.Release|Any CPU.Build.0 = Release|Any CPU
		{906F9ECE-866C-4B9C-88C0-485D5F78C448}.Release|Any CPU.Deploy.0 = Release|Any CPU
		{906F9ECE-866C-4B9C-88C0-485D5F78C448}.Release|ARM.ActiveCfg = Release|Any CPU
		{906F9ECE-866C-4B9C-88C0-485D5F78C448}.Release|ARM.Build.0 = Release|Any CPU
		{906F9ECE-866C-4B9C-88C0-485D5F78C448}.Release|ARM.Deploy.0 = Release|Any CPU
		{906F9ECE-866C-4B9C-88C0-485D5F78C448}.Release|iPhone.ActiveCfg = Release|Any CPU
		{906F9ECE-866C-4B9C-88C0-485D5F78C448}.Release|iPhone.Build.0 = Release|Any CPU
		{906F9ECE-866C-4B9C-88C0-485D5F78C448}.Release|iPhone.Deploy.0 = Release|Any CPU
		{906F9ECE-866C-4B9C-88C0-485D5F78C448}.Release|iPhoneSimulator.ActiveCfg = Release|Any CPU
		{906F9ECE-866C-4B9C-88C0-485D5F78C448}.Release|iPhoneSimulator.Build.0 = Release|Any CPU
		{906F9ECE-866C-4B9C-88C0-485D5F78C448}.Release|iPhoneSimulator.Deploy.0 = Release|Any CPU
		{906F9ECE-866C-4B9C-88C0-485D5F78C448}.Release|x64.ActiveCfg = Release|Any CPU
		{906F9ECE-866C-4B9C-88C0-485D5F78C448}.Release|x64.Build.0 = Release|Any CPU
		{906F9ECE-866C-4B9C-88C0-485D5F78C448}.Release|x64.Deploy.0 = Release|Any CPU
		{906F9ECE-866C-4B9C-88C0-485D5F78C448}.Release|x86.ActiveCfg = Release|Any CPU
		{906F9ECE-866C-4B9C-88C0-485D5F78C448}.Release|x86.Build.0 = Release|Any CPU
		{906F9ECE-866C-4B9C-88C0-485D5F78C448}.Release|x86.Deploy.0 = Release|Any CPU
		{BBF3455B-58A7-46C6-AB16-EEA207C7A17B}.Ad-Hoc|Any CPU.ActiveCfg = Ad-Hoc|iPhone
		{BBF3455B-58A7-46C6-AB16-EEA207C7A17B}.Ad-Hoc|Any CPU.Build.0 = Ad-Hoc|iPhone
		{BBF3455B-58A7-46C6-AB16-EEA207C7A17B}.Ad-Hoc|Any CPU.Deploy.0 = Ad-Hoc|iPhone
		{BBF3455B-58A7-46C6-AB16-EEA207C7A17B}.Ad-Hoc|ARM.ActiveCfg = Ad-Hoc|iPhone
		{BBF3455B-58A7-46C6-AB16-EEA207C7A17B}.Ad-Hoc|ARM.Build.0 = Ad-Hoc|iPhone
		{BBF3455B-58A7-46C6-AB16-EEA207C7A17B}.Ad-Hoc|ARM.Deploy.0 = Ad-Hoc|iPhone
		{BBF3455B-58A7-46C6-AB16-EEA207C7A17B}.Ad-Hoc|iPhone.ActiveCfg = Ad-Hoc|iPhone
		{BBF3455B-58A7-46C6-AB16-EEA207C7A17B}.Ad-Hoc|iPhone.Build.0 = Ad-Hoc|iPhone
		{BBF3455B-58A7-46C6-AB16-EEA207C7A17B}.Ad-Hoc|iPhone.Deploy.0 = Ad-Hoc|iPhone
		{BBF3455B-58A7-46C6-AB16-EEA207C7A17B}.Ad-Hoc|iPhoneSimulator.ActiveCfg = Ad-Hoc|iPhoneSimulator
		{BBF3455B-58A7-46C6-AB16-EEA207C7A17B}.Ad-Hoc|iPhoneSimulator.Build.0 = Ad-Hoc|iPhoneSimulator
		{BBF3455B-58A7-46C6-AB16-EEA207C7A17B}.Ad-Hoc|iPhoneSimulator.Deploy.0 = Ad-Hoc|iPhoneSimulator
		{BBF3455B-58A7-46C6-AB16-EEA207C7A17B}.Ad-Hoc|x64.ActiveCfg = Ad-Hoc|iPhone
		{BBF3455B-58A7-46C6-AB16-EEA207C7A17B}.Ad-Hoc|x64.Build.0 = Ad-Hoc|iPhone
		{BBF3455B-58A7-46C6-AB16-EEA207C7A17B}.Ad-Hoc|x64.Deploy.0 = Ad-Hoc|iPhone
		{BBF3455B-58A7-46C6-AB16-EEA207C7A17B}.Ad-Hoc|x86.ActiveCfg = Ad-Hoc|iPhone
		{BBF3455B-58A7-46C6-AB16-EEA207C7A17B}.Ad-Hoc|x86.Build.0 = Ad-Hoc|iPhone
		{BBF3455B-58A7-46C6-AB16-EEA207C7A17B}.Ad-Hoc|x86.Deploy.0 = Ad-Hoc|iPhone
		{BBF3455B-58A7-46C6-AB16-EEA207C7A17B}.AppStore|Any CPU.ActiveCfg = AppStore|iPhone
		{BBF3455B-58A7-46C6-AB16-EEA207C7A17B}.AppStore|Any CPU.Build.0 = AppStore|iPhone
		{BBF3455B-58A7-46C6-AB16-EEA207C7A17B}.AppStore|Any CPU.Deploy.0 = AppStore|iPhone
		{BBF3455B-58A7-46C6-AB16-EEA207C7A17B}.AppStore|ARM.ActiveCfg = AppStore|iPhone
		{BBF3455B-58A7-46C6-AB16-EEA207C7A17B}.AppStore|ARM.Build.0 = AppStore|iPhone
		{BBF3455B-58A7-46C6-AB16-EEA207C7A17B}.AppStore|ARM.Deploy.0 = AppStore|iPhone
		{BBF3455B-58A7-46C6-AB16-EEA207C7A17B}.AppStore|iPhone.ActiveCfg = AppStore|iPhone
		{BBF3455B-58A7-46C6-AB16-EEA207C7A17B}.AppStore|iPhone.Build.0 = AppStore|iPhone
		{BBF3455B-58A7-46C6-AB16-EEA207C7A17B}.AppStore|iPhone.Deploy.0 = AppStore|iPhone
		{BBF3455B-58A7-46C6-AB16-EEA207C7A17B}.AppStore|iPhoneSimulator.ActiveCfg = AppStore|iPhoneSimulator
		{BBF3455B-58A7-46C6-AB16-EEA207C7A17B}.AppStore|iPhoneSimulator.Build.0 = AppStore|iPhoneSimulator
		{BBF3455B-58A7-46C6-AB16-EEA207C7A17B}.AppStore|iPhoneSimulator.Deploy.0 = AppStore|iPhoneSimulator
		{BBF3455B-58A7-46C6-AB16-EEA207C7A17B}.AppStore|x64.ActiveCfg = AppStore|iPhone
		{BBF3455B-58A7-46C6-AB16-EEA207C7A17B}.AppStore|x64.Build.0 = AppStore|iPhone
		{BBF3455B-58A7-46C6-AB16-EEA207C7A17B}.AppStore|x64.Deploy.0 = AppStore|iPhone
		{BBF3455B-58A7-46C6-AB16-EEA207C7A17B}.AppStore|x86.ActiveCfg = AppStore|iPhone
		{BBF3455B-58A7-46C6-AB16-EEA207C7A17B}.AppStore|x86.Build.0 = AppStore|iPhone
		{BBF3455B-58A7-46C6-AB16-EEA207C7A17B}.AppStore|x86.Deploy.0 = AppStore|iPhone
		{BBF3455B-58A7-46C6-AB16-EEA207C7A17B}.Debug|Any CPU.ActiveCfg = Debug|iPhoneSimulator
		{BBF3455B-58A7-46C6-AB16-EEA207C7A17B}.Debug|Any CPU.Build.0 = Debug|iPhoneSimulator
		{BBF3455B-58A7-46C6-AB16-EEA207C7A17B}.Debug|Any CPU.Deploy.0 = Debug|iPhoneSimulator
		{BBF3455B-58A7-46C6-AB16-EEA207C7A17B}.Debug|ARM.ActiveCfg = Debug|iPhone
		{BBF3455B-58A7-46C6-AB16-EEA207C7A17B}.Debug|ARM.Build.0 = Debug|iPhone
		{BBF3455B-58A7-46C6-AB16-EEA207C7A17B}.Debug|ARM.Deploy.0 = Debug|iPhone
		{BBF3455B-58A7-46C6-AB16-EEA207C7A17B}.Debug|iPhone.ActiveCfg = Debug|iPhone
		{BBF3455B-58A7-46C6-AB16-EEA207C7A17B}.Debug|iPhone.Build.0 = Debug|iPhone
		{BBF3455B-58A7-46C6-AB16-EEA207C7A17B}.Debug|iPhone.Deploy.0 = Debug|iPhone
		{BBF3455B-58A7-46C6-AB16-EEA207C7A17B}.Debug|iPhoneSimulator.ActiveCfg = Debug|iPhoneSimulator
		{BBF3455B-58A7-46C6-AB16-EEA207C7A17B}.Debug|iPhoneSimulator.Build.0 = Debug|iPhoneSimulator
		{BBF3455B-58A7-46C6-AB16-EEA207C7A17B}.Debug|iPhoneSimulator.Deploy.0 = Debug|iPhoneSimulator
		{BBF3455B-58A7-46C6-AB16-EEA207C7A17B}.Debug|x64.ActiveCfg = Debug|iPhone
		{BBF3455B-58A7-46C6-AB16-EEA207C7A17B}.Debug|x64.Build.0 = Debug|iPhone
		{BBF3455B-58A7-46C6-AB16-EEA207C7A17B}.Debug|x64.Deploy.0 = Debug|iPhone
		{BBF3455B-58A7-46C6-AB16-EEA207C7A17B}.Debug|x86.ActiveCfg = Debug|iPhone
		{BBF3455B-58A7-46C6-AB16-EEA207C7A17B}.Debug|x86.Build.0 = Debug|iPhone
		{BBF3455B-58A7-46C6-AB16-EEA207C7A17B}.Debug|x86.Deploy.0 = Debug|iPhone
		{BBF3455B-58A7-46C6-AB16-EEA207C7A17B}.Release|Any CPU.ActiveCfg = Release|iPhone
		{BBF3455B-58A7-46C6-AB16-EEA207C7A17B}.Release|Any CPU.Build.0 = Release|iPhone
		{BBF3455B-58A7-46C6-AB16-EEA207C7A17B}.Release|Any CPU.Deploy.0 = Release|iPhone
		{BBF3455B-58A7-46C6-AB16-EEA207C7A17B}.Release|ARM.ActiveCfg = Release|iPhone
		{BBF3455B-58A7-46C6-AB16-EEA207C7A17B}.Release|ARM.Build.0 = Release|iPhone
		{BBF3455B-58A7-46C6-AB16-EEA207C7A17B}.Release|ARM.Deploy.0 = Release|iPhone
		{BBF3455B-58A7-46C6-AB16-EEA207C7A17B}.Release|iPhone.ActiveCfg = Release|iPhone
		{BBF3455B-58A7-46C6-AB16-EEA207C7A17B}.Release|iPhone.Build.0 = Release|iPhone
		{BBF3455B-58A7-46C6-AB16-EEA207C7A17B}.Release|iPhone.Deploy.0 = Release|iPhone
		{BBF3455B-58A7-46C6-AB16-EEA207C7A17B}.Release|iPhoneSimulator.ActiveCfg = Release|iPhoneSimulator
		{BBF3455B-58A7-46C6-AB16-EEA207C7A17B}.Release|iPhoneSimulator.Build.0 = Release|iPhoneSimulator
		{BBF3455B-58A7-46C6-AB16-EEA207C7A17B}.Release|iPhoneSimulator.Deploy.0 = Release|iPhoneSimulator
		{BBF3455B-58A7-46C6-AB16-EEA207C7A17B}.Release|x64.ActiveCfg = Release|iPhone
		{BBF3455B-58A7-46C6-AB16-EEA207C7A17B}.Release|x64.Build.0 = Release|iPhone
		{BBF3455B-58A7-46C6-AB16-EEA207C7A17B}.Release|x64.Deploy.0 = Release|iPhone
		{BBF3455B-58A7-46C6-AB16-EEA207C7A17B}.Release|x86.ActiveCfg = Release|iPhone
		{BBF3455B-58A7-46C6-AB16-EEA207C7A17B}.Release|x86.Build.0 = Release|iPhone
		{BBF3455B-58A7-46C6-AB16-EEA207C7A17B}.Release|x86.Deploy.0 = Release|iPhone
		{C711D6CC-3D60-42A3-B125-13DCC0D83127}.Ad-Hoc|Any CPU.ActiveCfg = Release|x86
		{C711D6CC-3D60-42A3-B125-13DCC0D83127}.Ad-Hoc|Any CPU.Build.0 = Release|x86
		{C711D6CC-3D60-42A3-B125-13DCC0D83127}.Ad-Hoc|Any CPU.Deploy.0 = Release|x86
		{C711D6CC-3D60-42A3-B125-13DCC0D83127}.Ad-Hoc|ARM.ActiveCfg = Release|ARM
		{C711D6CC-3D60-42A3-B125-13DCC0D83127}.Ad-Hoc|ARM.Build.0 = Release|ARM
		{C711D6CC-3D60-42A3-B125-13DCC0D83127}.Ad-Hoc|ARM.Deploy.0 = Release|ARM
		{C711D6CC-3D60-42A3-B125-13DCC0D83127}.Ad-Hoc|iPhone.ActiveCfg = Release|x86
		{C711D6CC-3D60-42A3-B125-13DCC0D83127}.Ad-Hoc|iPhone.Build.0 = Release|x86
		{C711D6CC-3D60-42A3-B125-13DCC0D83127}.Ad-Hoc|iPhone.Deploy.0 = Release|x86
		{C711D6CC-3D60-42A3-B125-13DCC0D83127}.Ad-Hoc|iPhoneSimulator.ActiveCfg = Release|x86
		{C711D6CC-3D60-42A3-B125-13DCC0D83127}.Ad-Hoc|iPhoneSimulator.Build.0 = Release|x86
		{C711D6CC-3D60-42A3-B125-13DCC0D83127}.Ad-Hoc|iPhoneSimulator.Deploy.0 = Release|x86
		{C711D6CC-3D60-42A3-B125-13DCC0D83127}.Ad-Hoc|x64.ActiveCfg = Release|x64
		{C711D6CC-3D60-42A3-B125-13DCC0D83127}.Ad-Hoc|x64.Build.0 = Release|x64
		{C711D6CC-3D60-42A3-B125-13DCC0D83127}.Ad-Hoc|x64.Deploy.0 = Release|x64
		{C711D6CC-3D60-42A3-B125-13DCC0D83127}.Ad-Hoc|x86.ActiveCfg = Release|x86
		{C711D6CC-3D60-42A3-B125-13DCC0D83127}.Ad-Hoc|x86.Build.0 = Release|x86
		{C711D6CC-3D60-42A3-B125-13DCC0D83127}.Ad-Hoc|x86.Deploy.0 = Release|x86
		{C711D6CC-3D60-42A3-B125-13DCC0D83127}.AppStore|Any CPU.ActiveCfg = Release|x86
		{C711D6CC-3D60-42A3-B125-13DCC0D83127}.AppStore|Any CPU.Build.0 = Release|x86
		{C711D6CC-3D60-42A3-B125-13DCC0D83127}.AppStore|Any CPU.Deploy.0 = Release|x86
		{C711D6CC-3D60-42A3-B125-13DCC0D83127}.AppStore|ARM.ActiveCfg = Release|ARM
		{C711D6CC-3D60-42A3-B125-13DCC0D83127}.AppStore|ARM.Build.0 = Release|ARM
		{C711D6CC-3D60-42A3-B125-13DCC0D83127}.AppStore|ARM.Deploy.0 = Release|ARM
		{C711D6CC-3D60-42A3-B125-13DCC0D83127}.AppStore|iPhone.ActiveCfg = Release|x86
		{C711D6CC-3D60-42A3-B125-13DCC0D83127}.AppStore|iPhone.Build.0 = Release|x86
		{C711D6CC-3D60-42A3-B125-13DCC0D83127}.AppStore|iPhone.Deploy.0 = Release|x86
		{C711D6CC-3D60-42A3-B125-13DCC0D83127}.AppStore|iPhoneSimulator.ActiveCfg = Release|x86
		{C711D6CC-3D60-42A3-B125-13DCC0D83127}.AppStore|iPhoneSimulator.Build.0 = Release|x86
		{C711D6CC-3D60-42A3-B125-13DCC0D83127}.AppStore|iPhoneSimulator.Deploy.0 = Release|x86
		{C711D6CC-3D60-42A3-B125-13DCC0D83127}.AppStore|x64.ActiveCfg = Release|x64
		{C711D6CC-3D60-42A3-B125-13DCC0D83127}.AppStore|x64.Build.0 = Release|x64
		{C711D6CC-3D60-42A3-B125-13DCC0D83127}.AppStore|x64.Deploy.0 = Release|x64
		{C711D6CC-3D60-42A3-B125-13DCC0D83127}.AppStore|x86.ActiveCfg = Release|x86
		{C711D6CC-3D60-42A3-B125-13DCC0D83127}.AppStore|x86.Build.0 = Release|x86
		{C711D6CC-3D60-42A3-B125-13DCC0D83127}.AppStore|x86.Deploy.0 = Release|x86
		{C711D6CC-3D60-42A3-B125-13DCC0D83127}.Debug|Any CPU.ActiveCfg = Debug|x86
		{C711D6CC-3D60-42A3-B125-13DCC0D83127}.Debug|Any CPU.Build.0 = Debug|x86
		{C711D6CC-3D60-42A3-B125-13DCC0D83127}.Debug|Any CPU.Deploy.0 = Debug|x86
		{C711D6CC-3D60-42A3-B125-13DCC0D83127}.Debug|ARM.ActiveCfg = Debug|ARM
		{C711D6CC-3D60-42A3-B125-13DCC0D83127}.Debug|ARM.Build.0 = Debug|ARM
		{C711D6CC-3D60-42A3-B125-13DCC0D83127}.Debug|ARM.Deploy.0 = Debug|ARM
		{C711D6CC-3D60-42A3-B125-13DCC0D83127}.Debug|iPhone.ActiveCfg = Debug|x86
		{C711D6CC-3D60-42A3-B125-13DCC0D83127}.Debug|iPhone.Build.0 = Debug|x86
		{C711D6CC-3D60-42A3-B125-13DCC0D83127}.Debug|iPhone.Deploy.0 = Debug|x86
		{C711D6CC-3D60-42A3-B125-13DCC0D83127}.Debug|iPhoneSimulator.ActiveCfg = Debug|x86
		{C711D6CC-3D60-42A3-B125-13DCC0D83127}.Debug|iPhoneSimulator.Build.0 = Debug|x86
		{C711D6CC-3D60-42A3-B125-13DCC0D83127}.Debug|iPhoneSimulator.Deploy.0 = Debug|x86
		{C711D6CC-3D60-42A3-B125-13DCC0D83127}.Debug|x64.ActiveCfg = Debug|x64
		{C711D6CC-3D60-42A3-B125-13DCC0D83127}.Debug|x64.Build.0 = Debug|x64
		{C711D6CC-3D60-42A3-B125-13DCC0D83127}.Debug|x64.Deploy.0 = Debug|x64
		{C711D6CC-3D60-42A3-B125-13DCC0D83127}.Debug|x86.ActiveCfg = Debug|x86
		{C711D6CC-3D60-42A3-B125-13DCC0D83127}.Debug|x86.Build.0 = Debug|x86
		{C711D6CC-3D60-42A3-B125-13DCC0D83127}.Debug|x86.Deploy.0 = Debug|x86
		{C711D6CC-3D60-42A3-B125-13DCC0D83127}.Release|Any CPU.ActiveCfg = Release|x86
		{C711D6CC-3D60-42A3-B125-13DCC0D83127}.Release|Any CPU.Build.0 = Release|x86
		{C711D6CC-3D60-42A3-B125-13DCC0D83127}.Release|Any CPU.Deploy.0 = Release|x86
		{C711D6CC-3D60-42A3-B125-13DCC0D83127}.Release|ARM.ActiveCfg = Release|ARM
		{C711D6CC-3D60-42A3-B125-13DCC0D83127}.Release|ARM.Build.0 = Release|ARM
		{C711D6CC-3D60-42A3-B125-13DCC0D83127}.Release|ARM.Deploy.0 = Release|ARM
		{C711D6CC-3D60-42A3-B125-13DCC0D83127}.Release|iPhone.ActiveCfg = Release|x86
		{C711D6CC-3D60-42A3-B125-13DCC0D83127}.Release|iPhone.Build.0 = Release|x86
		{C711D6CC-3D60-42A3-B125-13DCC0D83127}.Release|iPhone.Deploy.0 = Release|x86
		{C711D6CC-3D60-42A3-B125-13DCC0D83127}.Release|iPhoneSimulator.ActiveCfg = Release|x86
		{C711D6CC-3D60-42A3-B125-13DCC0D83127}.Release|iPhoneSimulator.Build.0 = Release|x86
		{C711D6CC-3D60-42A3-B125-13DCC0D83127}.Release|iPhoneSimulator.Deploy.0 = Release|x86
		{C711D6CC-3D60-42A3-B125-13DCC0D83127}.Release|x64.ActiveCfg = Release|x64
		{C711D6CC-3D60-42A3-B125-13DCC0D83127}.Release|x64.Build.0 = Release|x64
		{C711D6CC-3D60-42A3-B125-13DCC0D83127}.Release|x64.Deploy.0 = Release|x64
		{C711D6CC-3D60-42A3-B125-13DCC0D83127}.Release|x86.ActiveCfg = Release|x86
		{C711D6CC-3D60-42A3-B125-13DCC0D83127}.Release|x86.Build.0 = Release|x86
		{C711D6CC-3D60-42A3-B125-13DCC0D83127}.Release|x86.Deploy.0 = Release|x86
		{6C56ADB7-280F-4CF2-841F-8E07831144CB}.Ad-Hoc|Any CPU.ActiveCfg = Debug|Any CPU
		{6C56ADB7-280F-4CF2-841F-8E07831144CB}.Ad-Hoc|Any CPU.Build.0 = Debug|Any CPU
		{6C56ADB7-280F-4CF2-841F-8E07831144CB}.Ad-Hoc|Any CPU.Deploy.0 = Debug|Any CPU
		{6C56ADB7-280F-4CF2-841F-8E07831144CB}.Ad-Hoc|ARM.ActiveCfg = Debug|Any CPU
		{6C56ADB7-280F-4CF2-841F-8E07831144CB}.Ad-Hoc|ARM.Build.0 = Debug|Any CPU
		{6C56ADB7-280F-4CF2-841F-8E07831144CB}.Ad-Hoc|ARM.Deploy.0 = Debug|Any CPU
		{6C56ADB7-280F-4CF2-841F-8E07831144CB}.Ad-Hoc|iPhone.ActiveCfg = Debug|Any CPU
		{6C56ADB7-280F-4CF2-841F-8E07831144CB}.Ad-Hoc|iPhone.Build.0 = Debug|Any CPU
		{6C56ADB7-280F-4CF2-841F-8E07831144CB}.Ad-Hoc|iPhone.Deploy.0 = Debug|Any CPU
		{6C56ADB7-280F-4CF2-841F-8E07831144CB}.Ad-Hoc|iPhoneSimulator.ActiveCfg = Debug|Any CPU
		{6C56ADB7-280F-4CF2-841F-8E07831144CB}.Ad-Hoc|iPhoneSimulator.Build.0 = Debug|Any CPU
		{6C56ADB7-280F-4CF2-841F-8E07831144CB}.Ad-Hoc|iPhoneSimulator.Deploy.0 = Debug|Any CPU
		{6C56ADB7-280F-4CF2-841F-8E07831144CB}.Ad-Hoc|x64.ActiveCfg = Debug|Any CPU
		{6C56ADB7-280F-4CF2-841F-8E07831144CB}.Ad-Hoc|x64.Build.0 = Debug|Any CPU
		{6C56ADB7-280F-4CF2-841F-8E07831144CB}.Ad-Hoc|x64.Deploy.0 = Debug|Any CPU
		{6C56ADB7-280F-4CF2-841F-8E07831144CB}.Ad-Hoc|x86.ActiveCfg = Debug|Any CPU
		{6C56ADB7-280F-4CF2-841F-8E07831144CB}.Ad-Hoc|x86.Build.0 = Debug|Any CPU
		{6C56ADB7-280F-4CF2-841F-8E07831144CB}.Ad-Hoc|x86.Deploy.0 = Debug|Any CPU
		{6C56ADB7-280F-4CF2-841F-8E07831144CB}.AppStore|Any CPU.ActiveCfg = Debug|Any CPU
		{6C56ADB7-280F-4CF2-841F-8E07831144CB}.AppStore|Any CPU.Build.0 = Debug|Any CPU
		{6C56ADB7-280F-4CF2-841F-8E07831144CB}.AppStore|Any CPU.Deploy.0 = Debug|Any CPU
		{6C56ADB7-280F-4CF2-841F-8E07831144CB}.AppStore|ARM.ActiveCfg = Debug|Any CPU
		{6C56ADB7-280F-4CF2-841F-8E07831144CB}.AppStore|ARM.Build.0 = Debug|Any CPU
		{6C56ADB7-280F-4CF2-841F-8E07831144CB}.AppStore|ARM.Deploy.0 = Debug|Any CPU
		{6C56ADB7-280F-4CF2-841F-8E07831144CB}.AppStore|iPhone.ActiveCfg = Debug|Any CPU
		{6C56ADB7-280F-4CF2-841F-8E07831144CB}.AppStore|iPhone.Build.0 = Debug|Any CPU
		{6C56ADB7-280F-4CF2-841F-8E07831144CB}.AppStore|iPhone.Deploy.0 = Debug|Any CPU
		{6C56ADB7-280F-4CF2-841F-8E07831144CB}.AppStore|iPhoneSimulator.ActiveCfg = Debug|Any CPU
		{6C56ADB7-280F-4CF2-841F-8E07831144CB}.AppStore|iPhoneSimulator.Build.0 = Debug|Any CPU
		{6C56ADB7-280F-4CF2-841F-8E07831144CB}.AppStore|iPhoneSimulator.Deploy.0 = Debug|Any CPU
		{6C56ADB7-280F-4CF2-841F-8E07831144CB}.AppStore|x64.ActiveCfg = Debug|Any CPU
		{6C56ADB7-280F-4CF2-841F-8E07831144CB}.AppStore|x64.Build.0 = Debug|Any CPU
		{6C56ADB7-280F-4CF2-841F-8E07831144CB}.AppStore|x64.Deploy.0 = Debug|Any CPU
		{6C56ADB7-280F-4CF2-841F-8E07831144CB}.AppStore|x86.ActiveCfg = Debug|Any CPU
		{6C56ADB7-280F-4CF2-841F-8E07831144CB}.AppStore|x86.Build.0 = Debug|Any CPU
		{6C56ADB7-280F-4CF2-841F-8E07831144CB}.AppStore|x86.Deploy.0 = Debug|Any CPU
		{6C56ADB7-280F-4CF2-841F-8E07831144CB}.Debug|Any CPU.ActiveCfg = Debug|Any CPU
		{6C56ADB7-280F-4CF2-841F-8E07831144CB}.Debug|Any CPU.Build.0 = Debug|Any CPU
		{6C56ADB7-280F-4CF2-841F-8E07831144CB}.Debug|Any CPU.Deploy.0 = Debug|Any CPU
		{6C56ADB7-280F-4CF2-841F-8E07831144CB}.Debug|ARM.ActiveCfg = Debug|Any CPU
		{6C56ADB7-280F-4CF2-841F-8E07831144CB}.Debug|ARM.Build.0 = Debug|Any CPU
		{6C56ADB7-280F-4CF2-841F-8E07831144CB}.Debug|ARM.Deploy.0 = Debug|Any CPU
		{6C56ADB7-280F-4CF2-841F-8E07831144CB}.Debug|iPhone.ActiveCfg = Debug|Any CPU
		{6C56ADB7-280F-4CF2-841F-8E07831144CB}.Debug|iPhone.Build.0 = Debug|Any CPU
		{6C56ADB7-280F-4CF2-841F-8E07831144CB}.Debug|iPhone.Deploy.0 = Debug|Any CPU
		{6C56ADB7-280F-4CF2-841F-8E07831144CB}.Debug|iPhoneSimulator.ActiveCfg = Debug|Any CPU
		{6C56ADB7-280F-4CF2-841F-8E07831144CB}.Debug|iPhoneSimulator.Build.0 = Debug|Any CPU
		{6C56ADB7-280F-4CF2-841F-8E07831144CB}.Debug|iPhoneSimulator.Deploy.0 = Debug|Any CPU
		{6C56ADB7-280F-4CF2-841F-8E07831144CB}.Debug|x64.ActiveCfg = Debug|Any CPU
		{6C56ADB7-280F-4CF2-841F-8E07831144CB}.Debug|x64.Build.0 = Debug|Any CPU
		{6C56ADB7-280F-4CF2-841F-8E07831144CB}.Debug|x64.Deploy.0 = Debug|Any CPU
		{6C56ADB7-280F-4CF2-841F-8E07831144CB}.Debug|x86.ActiveCfg = Debug|Any CPU
		{6C56ADB7-280F-4CF2-841F-8E07831144CB}.Debug|x86.Build.0 = Debug|Any CPU
		{6C56ADB7-280F-4CF2-841F-8E07831144CB}.Debug|x86.Deploy.0 = Debug|Any CPU
		{6C56ADB7-280F-4CF2-841F-8E07831144CB}.Release|Any CPU.ActiveCfg = Release|Any CPU
		{6C56ADB7-280F-4CF2-841F-8E07831144CB}.Release|Any CPU.Build.0 = Release|Any CPU
		{6C56ADB7-280F-4CF2-841F-8E07831144CB}.Release|Any CPU.Deploy.0 = Release|Any CPU
		{6C56ADB7-280F-4CF2-841F-8E07831144CB}.Release|ARM.ActiveCfg = Release|Any CPU
		{6C56ADB7-280F-4CF2-841F-8E07831144CB}.Release|ARM.Build.0 = Release|Any CPU
		{6C56ADB7-280F-4CF2-841F-8E07831144CB}.Release|ARM.Deploy.0 = Release|Any CPU
		{6C56ADB7-280F-4CF2-841F-8E07831144CB}.Release|iPhone.ActiveCfg = Release|Any CPU
		{6C56ADB7-280F-4CF2-841F-8E07831144CB}.Release|iPhone.Build.0 = Release|Any CPU
		{6C56ADB7-280F-4CF2-841F-8E07831144CB}.Release|iPhone.Deploy.0 = Release|Any CPU
		{6C56ADB7-280F-4CF2-841F-8E07831144CB}.Release|iPhoneSimulator.ActiveCfg = Release|Any CPU
		{6C56ADB7-280F-4CF2-841F-8E07831144CB}.Release|iPhoneSimulator.Build.0 = Release|Any CPU
		{6C56ADB7-280F-4CF2-841F-8E07831144CB}.Release|iPhoneSimulator.Deploy.0 = Release|Any CPU
		{6C56ADB7-280F-4CF2-841F-8E07831144CB}.Release|x64.ActiveCfg = Release|Any CPU
		{6C56ADB7-280F-4CF2-841F-8E07831144CB}.Release|x64.Build.0 = Release|Any CPU
		{6C56ADB7-280F-4CF2-841F-8E07831144CB}.Release|x64.Deploy.0 = Release|Any CPU
		{6C56ADB7-280F-4CF2-841F-8E07831144CB}.Release|x86.ActiveCfg = Release|Any CPU
		{6C56ADB7-280F-4CF2-841F-8E07831144CB}.Release|x86.Build.0 = Release|Any CPU
		{6C56ADB7-280F-4CF2-841F-8E07831144CB}.Release|x86.Deploy.0 = Release|Any CPU
	EndGlobalSection
	GlobalSection(SolutionProperties) = preSolution
		HideSolutionNode = FALSE
	EndGlobalSection
	GlobalSection(ExtensibilityGlobals) = postSolution
		SolutionGuid = {B2C112BE-47AB-433B-9FAF-B000A1D06F5C}
	EndGlobalSection
EndGlobal
