
Microsoft Visual Studio Solution File, Format Version 12.00
# Visual Studio 15
VisualStudioVersion = 15.0.28307.902
MinimumVisualStudioVersion = 10.0.40219.1
Project("{FAE04EC0-301F-11D3-BF4B-00C04F79EFBC}") = "App02_TipoPaginaXF.Android", "App02_TipoPaginaXF\App02_TipoPaginaXF.Android\App02_TipoPaginaXF.Android.csproj", "{2EF1ABF5-20E5-4EB0-A765-96A3E801DB01}"
EndProject
Project("{FAE04EC0-301F-11D3-BF4B-00C04F79EFBC}") = "App02_TipoPaginaXF.iOS", "App02_TipoPaginaXF\App02_TipoPaginaXF.iOS\App02_TipoPaginaXF.iOS.csproj", "{57CC7D93-4435-4AD5-BB62-0802DF8912C2}"
EndProject
Project("{FAE04EC0-301F-11D3-BF4B-00C04F79EFBC}") = "App02_TipoPaginaXF.UWP", "App02_TipoPaginaXF\App02_TipoPaginaXF.UWP\App02_TipoPaginaXF.UWP.csproj", "{185666B6-6B23-4ED7-BD14-D43FF05D609F}"
EndProject
Project("{FAE04EC0-301F-11D3-BF4B-00C04F79EFBC}") = "App02_TipoPaginaXF", "App02_TipoPaginaXF\App02_TipoPaginaXF\App02_TipoPaginaXF.csproj", "{7F958C9E-3D02-425D-ADA9-FE99024CC773}"
EndProject
Global
	GlobalSection(SolutionConfigurationPlatforms) = preSolution
		Ad-Hoc|Any CPU = Ad-Hoc|Any CPU
		Ad-Hoc|ARM = Ad-Hoc|ARM
		Ad-Hoc|iPhone = Ad-Hoc|iPhone
		Ad-Hoc|iPhoneSimulator = Ad-Hoc|iPhoneSimulator
		Ad-Hoc|x64 = Ad-Hoc|x64
		Ad-Hoc|x86 = Ad-Hoc|x86
		AppStore|Any CPU = AppStore|Any CPU
		AppStore|ARM = AppStore|ARM
		AppStore|iPhone = AppStore|iPhone
		AppStore|iPhoneSimulator = AppStore|iPhoneSimulator
		AppStore|x64 = AppStore|x64
		AppStore|x86 = AppStore|x86
		Debug|Any CPU = Debug|Any CPU
		Debug|ARM = Debug|ARM
		Debug|iPhone = Debug|iPhone
		Debug|iPhoneSimulator = Debug|iPhoneSimulator
		Debug|x64 = Debug|x64
		Debug|x86 = Debug|x86
		Release|Any CPU = Release|Any CPU
		Release|ARM = Release|ARM
		Release|iPhone = Release|iPhone
		Release|iPhoneSimulator = Release|iPhoneSimulator
		Release|x64 = Release|x64
		Release|x86 = Release|x86
	EndGlobalSection
	GlobalSection(ProjectConfigurationPlatforms) = postSolution
		{2EF1ABF5-20E5-4EB0-A765-96A3E801DB01}.Ad-Hoc|Any CPU.ActiveCfg = Release|Any CPU
		{2EF1ABF5-20E5-4EB0-A765-96A3E801DB01}.Ad-Hoc|Any CPU.Build.0 = Release|Any CPU
		{2EF1ABF5-20E5-4EB0-A765-96A3E801DB01}.Ad-Hoc|Any CPU.Deploy.0 = Release|Any CPU
		{2EF1ABF5-20E5-4EB0-A765-96A3E801DB01}.Ad-Hoc|ARM.ActiveCfg = Release|Any CPU
		{2EF1ABF5-20E5-4EB0-A765-96A3E801DB01}.Ad-Hoc|ARM.Build.0 = Release|Any CPU
		{2EF1ABF5-20E5-4EB0-A765-96A3E801DB01}.Ad-Hoc|ARM.Deploy.0 = Release|Any CPU
		{2EF1ABF5-20E5-4EB0-A765-96A3E801DB01}.Ad-Hoc|iPhone.ActiveCfg = Release|Any CPU
		{2EF1ABF5-20E5-4EB0-A765-96A3E801DB01}.Ad-Hoc|iPhone.Build.0 = Release|Any CPU
		{2EF1ABF5-20E5-4EB0-A765-96A3E801DB01}.Ad-Hoc|iPhone.Deploy.0 = Release|Any CPU
		{2EF1ABF5-20E5-4EB0-A765-96A3E801DB01}.Ad-Hoc|iPhoneSimulator.ActiveCfg = Release|Any CPU
		{2EF1ABF5-20E5-4EB0-A765-96A3E801DB01}.Ad-Hoc|iPhoneSimulator.Build.0 = Release|Any CPU
		{2EF1ABF5-20E5-4EB0-A765-96A3E801DB01}.Ad-Hoc|iPhoneSimulator.Deploy.0 = Release|Any CPU
		{2EF1ABF5-20E5-4EB0-A765-96A3E801DB01}.Ad-Hoc|x64.ActiveCfg = Release|Any CPU
		{2EF1ABF5-20E5-4EB0-A765-96A3E801DB01}.Ad-Hoc|x64.Build.0 = Release|Any CPU
		{2EF1ABF5-20E5-4EB0-A765-96A3E801DB01}.Ad-Hoc|x64.Deploy.0 = Release|Any CPU
		{2EF1ABF5-20E5-4EB0-A765-96A3E801DB01}.Ad-Hoc|x86.ActiveCfg = Release|Any CPU
		{2EF1ABF5-20E5-4EB0-A765-96A3E801DB01}.Ad-Hoc|x86.Build.0 = Release|Any CPU
		{2EF1ABF5-20E5-4EB0-A765-96A3E801DB01}.Ad-Hoc|x86.Deploy.0 = Release|Any CPU
		{2EF1ABF5-20E5-4EB0-A765-96A3E801DB01}.AppStore|Any CPU.ActiveCfg = Release|Any CPU
		{2EF1ABF5-20E5-4EB0-A765-96A3E801DB01}.AppStore|Any CPU.Build.0 = Release|Any CPU
		{2EF1ABF5-20E5-4EB0-A765-96A3E801DB01}.AppStore|Any CPU.Deploy.0 = Release|Any CPU
		{2EF1ABF5-20E5-4EB0-A765-96A3E801DB01}.AppStore|ARM.ActiveCfg = Release|Any CPU
		{2EF1ABF5-20E5-4EB0-A765-96A3E801DB01}.AppStore|ARM.Build.0 = Release|Any CPU
		{2EF1ABF5-20E5-4EB0-A765-96A3E801DB01}.AppStore|ARM.Deploy.0 = Release|Any CPU
		{2EF1ABF5-20E5-4EB0-A765-96A3E801DB01}.AppStore|iPhone.ActiveCfg = Release|Any CPU
		{2EF1ABF5-20E5-4EB0-A765-96A3E801DB01}.AppStore|iPhone.Build.0 = Release|Any CPU
		{2EF1ABF5-20E5-4EB0-A765-96A3E801DB01}.AppStore|iPhone.Deploy.0 = Release|Any CPU
		{2EF1ABF5-20E5-4EB0-A765-96A3E801DB01}.AppStore|iPhoneSimulator.ActiveCfg = Release|Any CPU
		{2EF1ABF5-20E5-4EB0-A765-96A3E801DB01}.AppStore|iPhoneSimulator.Build.0 = Release|Any CPU
		{2EF1ABF5-20E5-4EB0-A765-96A3E801DB01}.AppStore|iPhoneSimulator.Deploy.0 = Release|Any CPU
		{2EF1ABF5-20E5-4EB0-A765-96A3E801DB01}.AppStore|x64.ActiveCfg = Release|Any CPU
		{2EF1ABF5-20E5-4EB0-A765-96A3E801DB01}.AppStore|x64.Build.0 = Release|Any CPU
		{2EF1ABF5-20E5-4EB0-A765-96A3E801DB01}.AppStore|x64.Deploy.0 = Release|Any CPU
		{2EF1ABF5-20E5-4EB0-A765-96A3E801DB01}.AppStore|x86.ActiveCfg = Release|Any CPU
		{2EF1ABF5-20E5-4EB0-A765-96A3E801DB01}.AppStore|x86.Build.0 = Release|Any CPU
		{2EF1ABF5-20E5-4EB0-A765-96A3E801DB01}.AppStore|x86.Deploy.0 = Release|Any CPU
		{2EF1ABF5-20E5-4EB0-A765-96A3E801DB01}.Debug|Any CPU.ActiveCfg = Debug|Any CPU
		{2EF1ABF5-20E5-4EB0-A765-96A3E801DB01}.Debug|Any CPU.Build.0 = Debug|Any CPU
		{2EF1ABF5-20E5-4EB0-A765-96A3E801DB01}.Debug|Any CPU.Deploy.0 = Debug|Any CPU
		{2EF1ABF5-20E5-4EB0-A765-96A3E801DB01}.Debug|ARM.ActiveCfg = Debug|Any CPU
		{2EF1ABF5-20E5-4EB0-A765-96A3E801DB01}.Debug|ARM.Build.0 = Debug|Any CPU
		{2EF1ABF5-20E5-4EB0-A765-96A3E801DB01}.Debug|ARM.Deploy.0 = Debug|Any CPU
		{2EF1ABF5-20E5-4EB0-A765-96A3E801DB01}.Debug|iPhone.ActiveCfg = Debug|Any CPU
		{2EF1ABF5-20E5-4EB0-A765-96A3E801DB01}.Debug|iPhone.Build.0 = Debug|Any CPU
		{2EF1ABF5-20E5-4EB0-A765-96A3E801DB01}.Debug|iPhone.Deploy.0 = Debug|Any CPU
		{2EF1ABF5-20E5-4EB0-A765-96A3E801DB01}.Debug|iPhoneSimulator.ActiveCfg = Debug|Any CPU
		{2EF1ABF5-20E5-4EB0-A765-96A3E801DB01}.Debug|iPhoneSimulator.Build.0 = Debug|Any CPU
		{2EF1ABF5-20E5-4EB0-A765-96A3E801DB01}.Debug|iPhoneSimulator.Deploy.0 = Debug|Any CPU
		{2EF1ABF5-20E5-4EB0-A765-96A3E801DB01}.Debug|x64.ActiveCfg = Debug|Any CPU
		{2EF1ABF5-20E5-4EB0-A765-96A3E801DB01}.Debug|x64.Build.0 = Debug|Any CPU
		{2EF1ABF5-20E5-4EB0-A765-96A3E801DB01}.Debug|x64.Deploy.0 = Debug|Any CPU
		{2EF1ABF5-20E5-4EB0-A765-96A3E801DB01}.Debug|x86.ActiveCfg = Debug|Any CPU
		{2EF1ABF5-20E5-4EB0-A765-96A3E801DB01}.Debug|x86.Build.0 = Debug|Any CPU
		{2EF1ABF5-20E5-4EB0-A765-96A3E801DB01}.Debug|x86.Deploy.0 = Debug|Any CPU
		{2EF1ABF5-20E5-4EB0-A765-96A3E801DB01}.Release|Any CPU.ActiveCfg = Release|Any CPU
		{2EF1ABF5-20E5-4EB0-A765-96A3E801DB01}.Release|Any CPU.Build.0 = Release|Any CPU
		{2EF1ABF5-20E5-4EB0-A765-96A3E801DB01}.Release|Any CPU.Deploy.0 = Release|Any CPU
		{2EF1ABF5-20E5-4EB0-A765-96A3E801DB01}.Release|ARM.ActiveCfg = Release|Any CPU
		{2EF1ABF5-20E5-4EB0-A765-96A3E801DB01}.Release|ARM.Build.0 = Release|Any CPU
		{2EF1ABF5-20E5-4EB0-A765-96A3E801DB01}.Release|ARM.Deploy.0 = Release|Any CPU
		{2EF1ABF5-20E5-4EB0-A765-96A3E801DB01}.Release|iPhone.ActiveCfg = Release|Any CPU
		{2EF1ABF5-20E5-4EB0-A765-96A3E801DB01}.Release|iPhone.Build.0 = Release|Any CPU
		{2EF1ABF5-20E5-4EB0-A765-96A3E801DB01}.Release|iPhone.Deploy.0 = Release|Any CPU
		{2EF1ABF5-20E5-4EB0-A765-96A3E801DB01}.Release|iPhoneSimulator.ActiveCfg = Release|Any CPU
		{2EF1ABF5-20E5-4EB0-A765-96A3E801DB01}.Release|iPhoneSimulator.Build.0 = Release|Any CPU
		{2EF1ABF5-20E5-4EB0-A765-96A3E801DB01}.Release|iPhoneSimulator.Deploy.0 = Release|Any CPU
		{2EF1ABF5-20E5-4EB0-A765-96A3E801DB01}.Release|x64.ActiveCfg = Release|Any CPU
		{2EF1ABF5-20E5-4EB0-A765-96A3E801DB01}.Release|x64.Build.0 = Release|Any CPU
		{2EF1ABF5-20E5-4EB0-A765-96A3E801DB01}.Release|x64.Deploy.0 = Release|Any CPU
		{2EF1ABF5-20E5-4EB0-A765-96A3E801DB01}.Release|x86.ActiveCfg = Release|Any CPU
		{2EF1ABF5-20E5-4EB0-A765-96A3E801DB01}.Release|x86.Build.0 = Release|Any CPU
		{2EF1ABF5-20E5-4EB0-A765-96A3E801DB01}.Release|x86.Deploy.0 = Release|Any CPU
		{57CC7D93-4435-4AD5-BB62-0802DF8912C2}.Ad-Hoc|Any CPU.ActiveCfg = Ad-Hoc|iPhone
		{57CC7D93-4435-4AD5-BB62-0802DF8912C2}.Ad-Hoc|Any CPU.Build.0 = Ad-Hoc|iPhone
		{57CC7D93-4435-4AD5-BB62-0802DF8912C2}.Ad-Hoc|Any CPU.Deploy.0 = Ad-Hoc|iPhone
		{57CC7D93-4435-4AD5-BB62-0802DF8912C2}.Ad-Hoc|ARM.ActiveCfg = Ad-Hoc|iPhone
		{57CC7D93-4435-4AD5-BB62-0802DF8912C2}.Ad-Hoc|ARM.Build.0 = Ad-Hoc|iPhone
		{57CC7D93-4435-4AD5-BB62-0802DF8912C2}.Ad-Hoc|ARM.Deploy.0 = Ad-Hoc|iPhone
		{57CC7D93-4435-4AD5-BB62-0802DF8912C2}.Ad-Hoc|iPhone.ActiveCfg = Ad-Hoc|iPhone
		{57CC7D93-4435-4AD5-BB62-0802DF8912C2}.Ad-Hoc|iPhone.Build.0 = Ad-Hoc|iPhone
		{57CC7D93-4435-4AD5-BB62-0802DF8912C2}.Ad-Hoc|iPhone.Deploy.0 = Ad-Hoc|iPhone
		{57CC7D93-4435-4AD5-BB62-0802DF8912C2}.Ad-Hoc|iPhoneSimulator.ActiveCfg = Ad-Hoc|iPhoneSimulator
		{57CC7D93-4435-4AD5-BB62-0802DF8912C2}.Ad-Hoc|iPhoneSimulator.Build.0 = Ad-Hoc|iPhoneSimulator
		{57CC7D93-4435-4AD5-BB62-0802DF8912C2}.Ad-Hoc|iPhoneSimulator.Deploy.0 = Ad-Hoc|iPhoneSimulator
		{57CC7D93-4435-4AD5-BB62-0802DF8912C2}.Ad-Hoc|x64.ActiveCfg = Ad-Hoc|iPhone
		{57CC7D93-4435-4AD5-BB62-0802DF8912C2}.Ad-Hoc|x64.Build.0 = Ad-Hoc|iPhone
		{57CC7D93-4435-4AD5-BB62-0802DF8912C2}.Ad-Hoc|x64.Deploy.0 = Ad-Hoc|iPhone
		{57CC7D93-4435-4AD5-BB62-0802DF8912C2}.Ad-Hoc|x86.ActiveCfg = Ad-Hoc|iPhone
		{57CC7D93-4435-4AD5-BB62-0802DF8912C2}.Ad-Hoc|x86.Build.0 = Ad-Hoc|iPhone
		{57CC7D93-4435-4AD5-BB62-0802DF8912C2}.Ad-Hoc|x86.Deploy.0 = Ad-Hoc|iPhone
		{57CC7D93-4435-4AD5-BB62-0802DF8912C2}.AppStore|Any CPU.ActiveCfg = AppStore|iPhone
		{57CC7D93-4435-4AD5-BB62-0802DF8912C2}.AppStore|Any CPU.Build.0 = AppStore|iPhone
		{57CC7D93-4435-4AD5-BB62-0802DF8912C2}.AppStore|Any CPU.Deploy.0 = AppStore|iPhone
		{57CC7D93-4435-4AD5-BB62-0802DF8912C2}.AppStore|ARM.ActiveCfg = AppStore|iPhone
		{57CC7D93-4435-4AD5-BB62-0802DF8912C2}.AppStore|ARM.Build.0 = AppStore|iPhone
		{57CC7D93-4435-4AD5-BB62-0802DF8912C2}.AppStore|ARM.Deploy.0 = AppStore|iPhone
		{57CC7D93-4435-4AD5-BB62-0802DF8912C2}.AppStore|iPhone.ActiveCfg = AppStore|iPhone
		{57CC7D93-4435-4AD5-BB62-0802DF8912C2}.AppStore|iPhone.Build.0 = AppStore|iPhone
		{57CC7D93-4435-4AD5-BB62-0802DF8912C2}.AppStore|iPhone.Deploy.0 = AppStore|iPhone
		{57CC7D93-4435-4AD5-BB62-0802DF8912C2}.AppStore|iPhoneSimulator.ActiveCfg = AppStore|iPhoneSimulator
		{57CC7D93-4435-4AD5-BB62-0802DF8912C2}.AppStore|iPhoneSimulator.Build.0 = AppStore|iPhoneSimulator
		{57CC7D93-4435-4AD5-BB62-0802DF8912C2}.AppStore|iPhoneSimulator.Deploy.0 = AppStore|iPhoneSimulator
		{57CC7D93-4435-4AD5-BB62-0802DF8912C2}.AppStore|x64.ActiveCfg = AppStore|iPhone
		{57CC7D93-4435-4AD5-BB62-0802DF8912C2}.AppStore|x64.Build.0 = AppStore|iPhone
		{57CC7D93-4435-4AD5-BB62-0802DF8912C2}.AppStore|x64.Deploy.0 = AppStore|iPhone
		{57CC7D93-4435-4AD5-BB62-0802DF8912C2}.AppStore|x86.ActiveCfg = AppStore|iPhone
		{57CC7D93-4435-4AD5-BB62-0802DF8912C2}.AppStore|x86.Build.0 = AppStore|iPhone
		{57CC7D93-4435-4AD5-BB62-0802DF8912C2}.AppStore|x86.Deploy.0 = AppStore|iPhone
		{57CC7D93-4435-4AD5-BB62-0802DF8912C2}.Debug|Any CPU.ActiveCfg = Debug|iPhoneSimulator
		{57CC7D93-4435-4AD5-BB62-0802DF8912C2}.Debug|Any CPU.Build.0 = Debug|iPhoneSimulator
		{57CC7D93-4435-4AD5-BB62-0802DF8912C2}.Debug|Any CPU.Deploy.0 = Debug|iPhoneSimulator
		{57CC7D93-4435-4AD5-BB62-0802DF8912C2}.Debug|ARM.ActiveCfg = Debug|iPhone
		{57CC7D93-4435-4AD5-BB62-0802DF8912C2}.Debug|ARM.Build.0 = Debug|iPhone
		{57CC7D93-4435-4AD5-BB62-0802DF8912C2}.Debug|ARM.Deploy.0 = Debug|iPhone
		{57CC7D93-4435-4AD5-BB62-0802DF8912C2}.Debug|iPhone.ActiveCfg = Debug|iPhone
		{57CC7D93-4435-4AD5-BB62-0802DF8912C2}.Debug|iPhone.Build.0 = Debug|iPhone
		{57CC7D93-4435-4AD5-BB62-0802DF8912C2}.Debug|iPhone.Deploy.0 = Debug|iPhone
		{57CC7D93-4435-4AD5-BB62-0802DF8912C2}.Debug|iPhoneSimulator.ActiveCfg = Debug|iPhoneSimulator
		{57CC7D93-4435-4AD5-BB62-0802DF8912C2}.Debug|iPhoneSimulator.Build.0 = Debug|iPhoneSimulator
		{57CC7D93-4435-4AD5-BB62-0802DF8912C2}.Debug|iPhoneSimulator.Deploy.0 = Debug|iPhoneSimulator
		{57CC7D93-4435-4AD5-BB62-0802DF8912C2}.Debug|x64.ActiveCfg = Debug|iPhone
		{57CC7D93-4435-4AD5-BB62-0802DF8912C2}.Debug|x64.Build.0 = Debug|iPhone
		{57CC7D93-4435-4AD5-BB62-0802DF8912C2}.Debug|x64.Deploy.0 = Debug|iPhone
		{57CC7D93-4435-4AD5-BB62-0802DF8912C2}.Debug|x86.ActiveCfg = Debug|iPhone
		{57CC7D93-4435-4AD5-BB62-0802DF8912C2}.Debug|x86.Build.0 = Debug|iPhone
		{57CC7D93-4435-4AD5-BB62-0802DF8912C2}.Debug|x86.Deploy.0 = Debug|iPhone
		{57CC7D93-4435-4AD5-BB62-0802DF8912C2}.Release|Any CPU.ActiveCfg = Release|iPhone
		{57CC7D93-4435-4AD5-BB62-0802DF8912C2}.Release|Any CPU.Build.0 = Release|iPhone
		{57CC7D93-4435-4AD5-BB62-0802DF8912C2}.Release|Any CPU.Deploy.0 = Release|iPhone
		{57CC7D93-4435-4AD5-BB62-0802DF8912C2}.Release|ARM.ActiveCfg = Release|iPhone
		{57CC7D93-4435-4AD5-BB62-0802DF8912C2}.Release|ARM.Build.0 = Release|iPhone
		{57CC7D93-4435-4AD5-BB62-0802DF8912C2}.Release|ARM.Deploy.0 = Release|iPhone
		{57CC7D93-4435-4AD5-BB62-0802DF8912C2}.Release|iPhone.ActiveCfg = Release|iPhone
		{57CC7D93-4435-4AD5-BB62-0802DF8912C2}.Release|iPhone.Build.0 = Release|iPhone
		{57CC7D93-4435-4AD5-BB62-0802DF8912C2}.Release|iPhone.Deploy.0 = Release|iPhone
		{57CC7D93-4435-4AD5-BB62-0802DF8912C2}.Release|iPhoneSimulator.ActiveCfg = Release|iPhoneSimulator
		{57CC7D93-4435-4AD5-BB62-0802DF8912C2}.Release|iPhoneSimulator.Build.0 = Release|iPhoneSimulator
		{57CC7D93-4435-4AD5-BB62-0802DF8912C2}.Release|iPhoneSimulator.Deploy.0 = Release|iPhoneSimulator
		{57CC7D93-4435-4AD5-BB62-0802DF8912C2}.Release|x64.ActiveCfg = Release|iPhone
		{57CC7D93-4435-4AD5-BB62-0802DF8912C2}.Release|x64.Build.0 = Release|iPhone
		{57CC7D93-4435-4AD5-BB62-0802DF8912C2}.Release|x64.Deploy.0 = Release|iPhone
		{57CC7D93-4435-4AD5-BB62-0802DF8912C2}.Release|x86.ActiveCfg = Release|iPhone
		{57CC7D93-4435-4AD5-BB62-0802DF8912C2}.Release|x86.Build.0 = Release|iPhone
		{57CC7D93-4435-4AD5-BB62-0802DF8912C2}.Release|x86.Deploy.0 = Release|iPhone
		{185666B6-6B23-4ED7-BD14-D43FF05D609F}.Ad-Hoc|Any CPU.ActiveCfg = Release|x86
		{185666B6-6B23-4ED7-BD14-D43FF05D609F}.Ad-Hoc|Any CPU.Build.0 = Release|x86
		{185666B6-6B23-4ED7-BD14-D43FF05D609F}.Ad-Hoc|Any CPU.Deploy.0 = Release|x86
		{185666B6-6B23-4ED7-BD14-D43FF05D609F}.Ad-Hoc|ARM.ActiveCfg = Release|ARM
		{185666B6-6B23-4ED7-BD14-D43FF05D609F}.Ad-Hoc|ARM.Build.0 = Release|ARM
		{185666B6-6B23-4ED7-BD14-D43FF05D609F}.Ad-Hoc|ARM.Deploy.0 = Release|ARM
		{185666B6-6B23-4ED7-BD14-D43FF05D609F}.Ad-Hoc|iPhone.ActiveCfg = Release|x86
		{185666B6-6B23-4ED7-BD14-D43FF05D609F}.Ad-Hoc|iPhone.Build.0 = Release|x86
		{185666B6-6B23-4ED7-BD14-D43FF05D609F}.Ad-Hoc|iPhone.Deploy.0 = Release|x86
		{185666B6-6B23-4ED7-BD14-D43FF05D609F}.Ad-Hoc|iPhoneSimulator.ActiveCfg = Release|x86
		{185666B6-6B23-4ED7-BD14-D43FF05D609F}.Ad-Hoc|iPhoneSimulator.Build.0 = Release|x86
		{185666B6-6B23-4ED7-BD14-D43FF05D609F}.Ad-Hoc|iPhoneSimulator.Deploy.0 = Release|x86
		{185666B6-6B23-4ED7-BD14-D43FF05D609F}.Ad-Hoc|x64.ActiveCfg = Release|x64
		{185666B6-6B23-4ED7-BD14-D43FF05D609F}.Ad-Hoc|x64.Build.0 = Release|x64
		{185666B6-6B23-4ED7-BD14-D43FF05D609F}.Ad-Hoc|x64.Deploy.0 = Release|x64
		{185666B6-6B23-4ED7-BD14-D43FF05D609F}.Ad-Hoc|x86.ActiveCfg = Release|x86
		{185666B6-6B23-4ED7-BD14-D43FF05D609F}.Ad-Hoc|x86.Build.0 = Release|x86
		{185666B6-6B23-4ED7-BD14-D43FF05D609F}.Ad-Hoc|x86.Deploy.0 = Release|x86
		{185666B6-6B23-4ED7-BD14-D43FF05D609F}.AppStore|Any CPU.ActiveCfg = Release|x86
		{185666B6-6B23-4ED7-BD14-D43FF05D609F}.AppStore|Any CPU.Build.0 = Release|x86
		{185666B6-6B23-4ED7-BD14-D43FF05D609F}.AppStore|Any CPU.Deploy.0 = Release|x86
		{185666B6-6B23-4ED7-BD14-D43FF05D609F}.AppStore|ARM.ActiveCfg = Release|ARM
		{185666B6-6B23-4ED7-BD14-D43FF05D609F}.AppStore|ARM.Build.0 = Release|ARM
		{185666B6-6B23-4ED7-BD14-D43FF05D609F}.AppStore|ARM.Deploy.0 = Release|ARM
		{185666B6-6B23-4ED7-BD14-D43FF05D609F}.AppStore|iPhone.ActiveCfg = Release|x86
		{185666B6-6B23-4ED7-BD14-D43FF05D609F}.AppStore|iPhone.Build.0 = Release|x86
		{185666B6-6B23-4ED7-BD14-D43FF05D609F}.AppStore|iPhone.Deploy.0 = Release|x86
		{185666B6-6B23-4ED7-BD14-D43FF05D609F}.AppStore|iPhoneSimulator.ActiveCfg = Release|x86
		{185666B6-6B23-4ED7-BD14-D43FF05D609F}.AppStore|iPhoneSimulator.Build.0 = Release|x86
		{185666B6-6B23-4ED7-BD14-D43FF05D609F}.AppStore|iPhoneSimulator.Deploy.0 = Release|x86
		{185666B6-6B23-4ED7-BD14-D43FF05D609F}.AppStore|x64.ActiveCfg = Release|x64
		{185666B6-6B23-4ED7-BD14-D43FF05D609F}.AppStore|x64.Build.0 = Release|x64
		{185666B6-6B23-4ED7-BD14-D43FF05D609F}.AppStore|x64.Deploy.0 = Release|x64
		{185666B6-6B23-4ED7-BD14-D43FF05D609F}.AppStore|x86.ActiveCfg = Release|x86
		{185666B6-6B23-4ED7-BD14-D43FF05D609F}.AppStore|x86.Build.0 = Release|x86
		{185666B6-6B23-4ED7-BD14-D43FF05D609F}.AppStore|x86.Deploy.0 = Release|x86
		{185666B6-6B23-4ED7-BD14-D43FF05D609F}.Debug|Any CPU.ActiveCfg = Debug|x86
		{185666B6-6B23-4ED7-BD14-D43FF05D609F}.Debug|Any CPU.Build.0 = Debug|x86
		{185666B6-6B23-4ED7-BD14-D43FF05D609F}.Debug|Any CPU.Deploy.0 = Debug|x86
		{185666B6-6B23-4ED7-BD14-D43FF05D609F}.Debug|ARM.ActiveCfg = Debug|ARM
		{185666B6-6B23-4ED7-BD14-D43FF05D609F}.Debug|ARM.Build.0 = Debug|ARM
		{185666B6-6B23-4ED7-BD14-D43FF05D609F}.Debug|ARM.Deploy.0 = Debug|ARM
		{185666B6-6B23-4ED7-BD14-D43FF05D609F}.Debug|iPhone.ActiveCfg = Debug|x86
		{185666B6-6B23-4ED7-BD14-D43FF05D609F}.Debug|iPhone.Build.0 = Debug|x86
		{185666B6-6B23-4ED7-BD14-D43FF05D609F}.Debug|iPhone.Deploy.0 = Debug|x86
		{185666B6-6B23-4ED7-BD14-D43FF05D609F}.Debug|iPhoneSimulator.ActiveCfg = Debug|x86
		{185666B6-6B23-4ED7-BD14-D43FF05D609F}.Debug|iPhoneSimulator.Build.0 = Debug|x86
		{185666B6-6B23-4ED7-BD14-D43FF05D609F}.Debug|iPhoneSimulator.Deploy.0 = Debug|x86
		{185666B6-6B23-4ED7-BD14-D43FF05D609F}.Debug|x64.ActiveCfg = Debug|x64
		{185666B6-6B23-4ED7-BD14-D43FF05D609F}.Debug|x64.Build.0 = Debug|x64
		{185666B6-6B23-4ED7-BD14-D43FF05D609F}.Debug|x64.Deploy.0 = Debug|x64
		{185666B6-6B23-4ED7-BD14-D43FF05D609F}.Debug|x86.ActiveCfg = Debug|x86
		{185666B6-6B23-4ED7-BD14-D43FF05D609F}.Debug|x86.Build.0 = Debug|x86
		{185666B6-6B23-4ED7-BD14-D43FF05D609F}.Debug|x86.Deploy.0 = Debug|x86
		{185666B6-6B23-4ED7-BD14-D43FF05D609F}.Release|Any CPU.ActiveCfg = Release|x86
		{185666B6-6B23-4ED7-BD14-D43FF05D609F}.Release|Any CPU.Build.0 = Release|x86
		{185666B6-6B23-4ED7-BD14-D43FF05D609F}.Release|Any CPU.Deploy.0 = Release|x86
		{185666B6-6B23-4ED7-BD14-D43FF05D609F}.Release|ARM.ActiveCfg = Release|ARM
		{185666B6-6B23-4ED7-BD14-D43FF05D609F}.Release|ARM.Build.0 = Release|ARM
		{185666B6-6B23-4ED7-BD14-D43FF05D609F}.Release|ARM.Deploy.0 = Release|ARM
		{185666B6-6B23-4ED7-BD14-D43FF05D609F}.Release|iPhone.ActiveCfg = Release|x86
		{185666B6-6B23-4ED7-BD14-D43FF05D609F}.Release|iPhone.Build.0 = Release|x86
		{185666B6-6B23-4ED7-BD14-D43FF05D609F}.Release|iPhone.Deploy.0 = Release|x86
		{185666B6-6B23-4ED7-BD14-D43FF05D609F}.Release|iPhoneSimulator.ActiveCfg = Release|x86
		{185666B6-6B23-4ED7-BD14-D43FF05D609F}.Release|iPhoneSimulator.Build.0 = Release|x86
		{185666B6-6B23-4ED7-BD14-D43FF05D609F}.Release|iPhoneSimulator.Deploy.0 = Release|x86
		{185666B6-6B23-4ED7-BD14-D43FF05D609F}.Release|x64.ActiveCfg = Release|x64
		{185666B6-6B23-4ED7-BD14-D43FF05D609F}.Release|x64.Build.0 = Release|x64
		{185666B6-6B23-4ED7-BD14-D43FF05D609F}.Release|x64.Deploy.0 = Release|x64
		{185666B6-6B23-4ED7-BD14-D43FF05D609F}.Release|x86.ActiveCfg = Release|x86
		{185666B6-6B23-4ED7-BD14-D43FF05D609F}.Release|x86.Build.0 = Release|x86
		{185666B6-6B23-4ED7-BD14-D43FF05D609F}.Release|x86.Deploy.0 = Release|x86
		{7F958C9E-3D02-425D-ADA9-FE99024CC773}.Ad-Hoc|Any CPU.ActiveCfg = Debug|Any CPU
		{7F958C9E-3D02-425D-ADA9-FE99024CC773}.Ad-Hoc|Any CPU.Build.0 = Debug|Any CPU
		{7F958C9E-3D02-425D-ADA9-FE99024CC773}.Ad-Hoc|Any CPU.Deploy.0 = Debug|Any CPU
		{7F958C9E-3D02-425D-ADA9-FE99024CC773}.Ad-Hoc|ARM.ActiveCfg = Debug|Any CPU
		{7F958C9E-3D02-425D-ADA9-FE99024CC773}.Ad-Hoc|ARM.Build.0 = Debug|Any CPU
		{7F958C9E-3D02-425D-ADA9-FE99024CC773}.Ad-Hoc|ARM.Deploy.0 = Debug|Any CPU
		{7F958C9E-3D02-425D-ADA9-FE99024CC773}.Ad-Hoc|iPhone.ActiveCfg = Debug|Any CPU
		{7F958C9E-3D02-425D-ADA9-FE99024CC773}.Ad-Hoc|iPhone.Build.0 = Debug|Any CPU
		{7F958C9E-3D02-425D-ADA9-FE99024CC773}.Ad-Hoc|iPhone.Deploy.0 = Debug|Any CPU
		{7F958C9E-3D02-425D-ADA9-FE99024CC773}.Ad-Hoc|iPhoneSimulator.ActiveCfg = Debug|Any CPU
		{7F958C9E-3D02-425D-ADA9-FE99024CC773}.Ad-Hoc|iPhoneSimulator.Build.0 = Debug|Any CPU
		{7F958C9E-3D02-425D-ADA9-FE99024CC773}.Ad-Hoc|iPhoneSimulator.Deploy.0 = Debug|Any CPU
		{7F958C9E-3D02-425D-ADA9-FE99024CC773}.Ad-Hoc|x64.ActiveCfg = Debug|Any CPU
		{7F958C9E-3D02-425D-ADA9-FE99024CC773}.Ad-Hoc|x64.Build.0 = Debug|Any CPU
		{7F958C9E-3D02-425D-ADA9-FE99024CC773}.Ad-Hoc|x64.Deploy.0 = Debug|Any CPU
		{7F958C9E-3D02-425D-ADA9-FE99024CC773}.Ad-Hoc|x86.ActiveCfg = Debug|Any CPU
		{7F958C9E-3D02-425D-ADA9-FE99024CC773}.Ad-Hoc|x86.Build.0 = Debug|Any CPU
		{7F958C9E-3D02-425D-ADA9-FE99024CC773}.Ad-Hoc|x86.Deploy.0 = Debug|Any CPU
		{7F958C9E-3D02-425D-ADA9-FE99024CC773}.AppStore|Any CPU.ActiveCfg = Debug|Any CPU
		{7F958C9E-3D02-425D-ADA9-FE99024CC773}.AppStore|Any CPU.Build.0 = Debug|Any CPU
		{7F958C9E-3D02-425D-ADA9-FE99024CC773}.AppStore|Any CPU.Deploy.0 = Debug|Any CPU
		{7F958C9E-3D02-425D-ADA9-FE99024CC773}.AppStore|ARM.ActiveCfg = Debug|Any CPU
		{7F958C9E-3D02-425D-ADA9-FE99024CC773}.AppStore|ARM.Build.0 = Debug|Any CPU
		{7F958C9E-3D02-425D-ADA9-FE99024CC773}.AppStore|ARM.Deploy.0 = Debug|Any CPU
		{7F958C9E-3D02-425D-ADA9-FE99024CC773}.AppStore|iPhone.ActiveCfg = Debug|Any CPU
		{7F958C9E-3D02-425D-ADA9-FE99024CC773}.AppStore|iPhone.Build.0 = Debug|Any CPU
		{7F958C9E-3D02-425D-ADA9-FE99024CC773}.AppStore|iPhone.Deploy.0 = Debug|Any CPU
		{7F958C9E-3D02-425D-ADA9-FE99024CC773}.AppStore|iPhoneSimulator.ActiveCfg = Debug|Any CPU
		{7F958C9E-3D02-425D-ADA9-FE99024CC773}.AppStore|iPhoneSimulator.Build.0 = Debug|Any CPU
		{7F958C9E-3D02-425D-ADA9-FE99024CC773}.AppStore|iPhoneSimulator.Deploy.0 = Debug|Any CPU
		{7F958C9E-3D02-425D-ADA9-FE99024CC773}.AppStore|x64.ActiveCfg = Debug|Any CPU
		{7F958C9E-3D02-425D-ADA9-FE99024CC773}.AppStore|x64.Build.0 = Debug|Any CPU
		{7F958C9E-3D02-425D-ADA9-FE99024CC773}.AppStore|x64.Deploy.0 = Debug|Any CPU
		{7F958C9E-3D02-425D-ADA9-FE99024CC773}.AppStore|x86.ActiveCfg = Debug|Any CPU
		{7F958C9E-3D02-425D-ADA9-FE99024CC773}.AppStore|x86.Build.0 = Debug|Any CPU
		{7F958C9E-3D02-425D-ADA9-FE99024CC773}.AppStore|x86.Deploy.0 = Debug|Any CPU
		{7F958C9E-3D02-425D-ADA9-FE99024CC773}.Debug|Any CPU.ActiveCfg = Debug|Any CPU
		{7F958C9E-3D02-425D-ADA9-FE99024CC773}.Debug|Any CPU.Build.0 = Debug|Any CPU
		{7F958C9E-3D02-425D-ADA9-FE99024CC773}.Debug|Any CPU.Deploy.0 = Debug|Any CPU
		{7F958C9E-3D02-425D-ADA9-FE99024CC773}.Debug|ARM.ActiveCfg = Debug|Any CPU
		{7F958C9E-3D02-425D-ADA9-FE99024CC773}.Debug|ARM.Build.0 = Debug|Any CPU
		{7F958C9E-3D02-425D-ADA9-FE99024CC773}.Debug|ARM.Deploy.0 = Debug|Any CPU
		{7F958C9E-3D02-425D-ADA9-FE99024CC773}.Debug|iPhone.ActiveCfg = Debug|Any CPU
		{7F958C9E-3D02-425D-ADA9-FE99024CC773}.Debug|iPhone.Build.0 = Debug|Any CPU
		{7F958C9E-3D02-425D-ADA9-FE99024CC773}.Debug|iPhone.Deploy.0 = Debug|Any CPU
		{7F958C9E-3D02-425D-ADA9-FE99024CC773}.Debug|iPhoneSimulator.ActiveCfg = Debug|Any CPU
		{7F958C9E-3D02-425D-ADA9-FE99024CC773}.Debug|iPhoneSimulator.Build.0 = Debug|Any CPU
		{7F958C9E-3D02-425D-ADA9-FE99024CC773}.Debug|iPhoneSimulator.Deploy.0 = Debug|Any CPU
		{7F958C9E-3D02-425D-ADA9-FE99024CC773}.Debug|x64.ActiveCfg = Debug|Any CPU
		{7F958C9E-3D02-425D-ADA9-FE99024CC773}.Debug|x64.Build.0 = Debug|Any CPU
		{7F958C9E-3D02-425D-ADA9-FE99024CC773}.Debug|x64.Deploy.0 = Debug|Any CPU
		{7F958C9E-3D02-425D-ADA9-FE99024CC773}.Debug|x86.ActiveCfg = Debug|Any CPU
		{7F958C9E-3D02-425D-ADA9-FE99024CC773}.Debug|x86.Build.0 = Debug|Any CPU
		{7F958C9E-3D02-425D-ADA9-FE99024CC773}.Debug|x86.Deploy.0 = Debug|Any CPU
		{7F958C9E-3D02-425D-ADA9-FE99024CC773}.Release|Any CPU.ActiveCfg = Release|Any CPU
		{7F958C9E-3D02-425D-ADA9-FE99024CC773}.Release|Any CPU.Build.0 = Release|Any CPU
		{7F958C9E-3D02-425D-ADA9-FE99024CC773}.Release|Any CPU.Deploy.0 = Release|Any CPU
		{7F958C9E-3D02-425D-ADA9-FE99024CC773}.Release|ARM.ActiveCfg = Release|Any CPU
		{7F958C9E-3D02-425D-ADA9-FE99024CC773}.Release|ARM.Build.0 = Release|Any CPU
		{7F958C9E-3D02-425D-ADA9-FE99024CC773}.Release|ARM.Deploy.0 = Release|Any CPU
		{7F958C9E-3D02-425D-ADA9-FE99024CC773}.Release|iPhone.ActiveCfg = Release|Any CPU
		{7F958C9E-3D02-425D-ADA9-FE99024CC773}.Release|iPhone.Build.0 = Release|Any CPU
		{7F958C9E-3D02-425D-ADA9-FE99024CC773}.Release|iPhone.Deploy.0 = Release|Any CPU
		{7F958C9E-3D02-425D-ADA9-FE99024CC773}.Release|iPhoneSimulator.ActiveCfg = Release|Any CPU
		{7F958C9E-3D02-425D-ADA9-FE99024CC773}.Release|iPhoneSimulator.Build.0 = Release|Any CPU
		{7F958C9E-3D02-425D-ADA9-FE99024CC773}.Release|iPhoneSimulator.Deploy.0 = Release|Any CPU
		{7F958C9E-3D02-425D-ADA9-FE99024CC773}.Release|x64.ActiveCfg = Release|Any CPU
		{7F958C9E-3D02-425D-ADA9-FE99024CC773}.Release|x64.Build.0 = Release|Any CPU
		{7F958C9E-3D02-425D-ADA9-FE99024CC773}.Release|x64.Deploy.0 = Release|Any CPU
		{7F958C9E-3D02-425D-ADA9-FE99024CC773}.Release|x86.ActiveCfg = Release|Any CPU
		{7F958C9E-3D02-425D-ADA9-FE99024CC773}.Release|x86.Build.0 = Release|Any CPU
		{7F958C9E-3D02-425D-ADA9-FE99024CC773}.Release|x86.Deploy.0 = Release|Any CPU
	EndGlobalSection
	GlobalSection(SolutionProperties) = preSolution
		HideSolutionNode = FALSE
	EndGlobalSection
	GlobalSection(ExtensibilityGlobals) = postSolution
		SolutionGuid = {8C1ADF30-1FF7-4163-B0EE-E87CB9A6C14D}
	EndGlobalSection
EndGlobal
